// !$*UTF8*$!
{
	archiveVersion = 1;
	classes = {
	};
	objectVersion = 46;
	objects = {

/* Begin PBXBuildFile section */
		3011E1CF1F008BBE00CB1DDC /* settings.ini in Resources */ = {isa = PBXBuildFile; fileRef = 3011E1CE1F008BBE00CB1DDC /* settings.ini */; };
		3011E1D01F008BBE00CB1DDC /* settings.ini in Resources */ = {isa = PBXBuildFile; fileRef = 3011E1CE1F008BBE00CB1DDC /* settings.ini */; };
		3011E1D11F008BBE00CB1DDC /* settings.ini in Resources */ = {isa = PBXBuildFile; fileRef = 3011E1CE1F008BBE00CB1DDC /* settings.ini */; };
		30224CE41D7241A50067DE35 /* libouzel_tvos.a in Frameworks */ = {isa = PBXBuildFile; fileRef = 30224CE31D7240D50067DE35 /* libouzel_tvos.a */; };
		30224CE51D7241A90067DE35 /* libouzel_ios.a in Frameworks */ = {isa = PBXBuildFile; fileRef = 30224CE11D7240D50067DE35 /* libouzel_ios.a */; };
		30224CE61D7241AD0067DE35 /* libouzel_macos.a in Frameworks */ = {isa = PBXBuildFile; fileRef = 30224CDF1D7240D50067DE35 /* libouzel_macos.a */; };
		303647A11C418E4C0024DB5B /* Assets.xcassets in Resources */ = {isa = PBXBuildFile; fileRef = 3036479F1C414EF50024DB5B /* Assets.xcassets */; };
		303647A21C418E790024DB5B /* Assets.xcassets in Resources */ = {isa = PBXBuildFile; fileRef = 304A8E161C237B96008B1151 /* Assets.xcassets */; };
		303647A31C418E7C0024DB5B /* Assets.xcassets in Resources */ = {isa = PBXBuildFile; fileRef = 303647A01C414F120024DB5B /* Assets.xcassets */; };
		303B74EE1C27F6A100FEDE92 /* OpenGL.framework in Frameworks */ = {isa = PBXBuildFile; fileRef = 303B74ED1C27F6A100FEDE92 /* OpenGL.framework */; };
		303B74F31C27F6EB00FEDE92 /* Cocoa.framework in Frameworks */ = {isa = PBXBuildFile; fileRef = 303B74F21C27F6EB00FEDE92 /* Cocoa.framework */; };
		303B751A1C29ED4200FEDE92 /* main.cpp in Sources */ = {isa = PBXBuildFile; fileRef = 303B75181C29EB8400FEDE92 /* main.cpp */; };
		303B760E1C34CFE300FEDE92 /* SpineSample.cpp in Sources */ = {isa = PBXBuildFile; fileRef = 304A8EA81C27429A008B1151 /* SpineSample.cpp */; };
		303B760F1C34CFE300FEDE92 /* main.cpp in Sources */ = {isa = PBXBuildFile; fileRef = 303B75181C29EB8400FEDE92 /* main.cpp */; };
		303B76231C34D0A900FEDE92 /* OpenGLES.framework in Frameworks */ = {isa = PBXBuildFile; fileRef = 303B76221C34D0A900FEDE92 /* OpenGLES.framework */; };
		303B76281C34D11500FEDE92 /* UIKit.framework in Frameworks */ = {isa = PBXBuildFile; fileRef = 303B76271C34D11400FEDE92 /* UIKit.framework */; };
		303B76291C34D15300FEDE92 /* Foundation.framework in Frameworks */ = {isa = PBXBuildFile; fileRef = 303B76251C34D10200FEDE92 /* Foundation.framework */; };
		303B768D1C355AA400FEDE92 /* SpineSample.cpp in Sources */ = {isa = PBXBuildFile; fileRef = 304A8EA81C27429A008B1151 /* SpineSample.cpp */; };
		303B768E1C355AA400FEDE92 /* main.cpp in Sources */ = {isa = PBXBuildFile; fileRef = 303B75181C29EB8400FEDE92 /* main.cpp */; };
		303B76A41C355ADC00FEDE92 /* UIKit.framework in Frameworks */ = {isa = PBXBuildFile; fileRef = 303B76A31C355ADC00FEDE92 /* UIKit.framework */; };
		303B76A61C355AE900FEDE92 /* OpenGLES.framework in Frameworks */ = {isa = PBXBuildFile; fileRef = 303B76A51C355AE900FEDE92 /* OpenGLES.framework */; };
		303B76A81C355AFA00FEDE92 /* Foundation.framework in Frameworks */ = {isa = PBXBuildFile; fileRef = 303B76A71C355AF900FEDE92 /* Foundation.framework */; };
		303B76C81C35695900FEDE92 /* QuartzCore.framework in Frameworks */ = {isa = PBXBuildFile; fileRef = 303B76C71C35695900FEDE92 /* QuartzCore.framework */; };
		303B76CA1C35696200FEDE92 /* QuartzCore.framework in Frameworks */ = {isa = PBXBuildFile; fileRef = 303B76C91C35696200FEDE92 /* QuartzCore.framework */; };
		30419E471D1A1A7500A63759 /* CoreAudio.framework in Frameworks */ = {isa = PBXBuildFile; fileRef = 30419E461D1A1A7500A63759 /* CoreAudio.framework */; };
		30419E491D1A1A7F00A63759 /* CoreAudio.framework in Frameworks */ = {isa = PBXBuildFile; fileRef = 30419E481D1A1A7F00A63759 /* CoreAudio.framework */; };
		30419E4B1D1A1A8E00A63759 /* AudioToolbox.framework in Frameworks */ = {isa = PBXBuildFile; fileRef = 30419E4A1D1A1A8E00A63759 /* AudioToolbox.framework */; };
		30419E4D1D1A1A9600A63759 /* AudioToolbox.framework in Frameworks */ = {isa = PBXBuildFile; fileRef = 30419E4C1D1A1A9600A63759 /* AudioToolbox.framework */; };
		30419E901D2038CD00A63759 /* OpenAL.framework in Frameworks */ = {isa = PBXBuildFile; fileRef = 30419E8F1D2038CD00A63759 /* OpenAL.framework */; };
		30419E921D2038D400A63759 /* OpenAL.framework in Frameworks */ = {isa = PBXBuildFile; fileRef = 30419E911D2038D400A63759 /* OpenAL.framework */; };
		30419E941D2038DB00A63759 /* OpenAL.framework in Frameworks */ = {isa = PBXBuildFile; fileRef = 30419E931D2038DB00A63759 /* OpenAL.framework */; };
		304A8EAA1C27429A008B1151 /* SpineSample.cpp in Sources */ = {isa = PBXBuildFile; fileRef = 304A8EA81C27429A008B1151 /* SpineSample.cpp */; };
		30575AEA1C3C99010009C8A7 /* GameController.framework in Frameworks */ = {isa = PBXBuildFile; fileRef = 30575AE91C3C99010009C8A7 /* GameController.framework */; };
		30575AEC1C3C990B0009C8A7 /* GameController.framework in Frameworks */ = {isa = PBXBuildFile; fileRef = 30575AEB1C3C990B0009C8A7 /* GameController.framework */; };
		305F6DBB1C66C50000B76A03 /* CoreVideo.framework in Frameworks */ = {isa = PBXBuildFile; fileRef = 305F6DBA1C66C50000B76A03 /* CoreVideo.framework */; };
		30775BD01D5BEAD200394C9C /* AVFoundation.framework in Frameworks */ = {isa = PBXBuildFile; fileRef = 30775BCF1D5BEAD200394C9C /* AVFoundation.framework */; };
		30775BD51D5BEAF200394C9C /* AVFoundation.framework in Frameworks */ = {isa = PBXBuildFile; fileRef = 30775BD41D5BEAF200394C9C /* AVFoundation.framework */; };
		308265CF1F291167009417DD /* AudioUnit.framework in Frameworks */ = {isa = PBXBuildFile; fileRef = 308265CE1F291167009417DD /* AudioUnit.framework */; };
		308265D51F291178009417DD /* CoreAudio.framework in Frameworks */ = {isa = PBXBuildFile; fileRef = 30419E411D1A1A6A00A63759 /* CoreAudio.framework */; };
		308265D61F291195009417DD /* GameController.framework in Frameworks */ = {isa = PBXBuildFile; fileRef = 30575AE71C3C98F50009C8A7 /* GameController.framework */; };
		30AFE15A1CB6BD5900478AA2 /* Metal.framework in Frameworks */ = {isa = PBXBuildFile; fileRef = 30AFE1581CB6BD5900478AA2 /* Metal.framework */; };
		30AFE15E1CB6BD6500478AA2 /* Metal.framework in Frameworks */ = {isa = PBXBuildFile; fileRef = 30AFE15C1CB6BD6500478AA2 /* Metal.framework */; };
		30AFE1621CB6BD7000478AA2 /* Metal.framework in Frameworks */ = {isa = PBXBuildFile; fileRef = 30AFE1601CB6BD7000478AA2 /* Metal.framework */; };
		30AFE1771CB7064700478AA2 /* SpineDrawable.cpp in Sources */ = {isa = PBXBuildFile; fileRef = 30324DAE1CAFB8CA00601A64 /* SpineDrawable.cpp */; };
		30AFE17B1CB7064800478AA2 /* SpineDrawable.cpp in Sources */ = {isa = PBXBuildFile; fileRef = 30324DAE1CAFB8CA00601A64 /* SpineDrawable.cpp */; };
		30AFE17C1CB7064800478AA2 /* SpineDrawable.cpp in Sources */ = {isa = PBXBuildFile; fileRef = 30324DAE1CAFB8CA00601A64 /* SpineDrawable.cpp */; };
		30DD170F1EAD6BE6004CAD77 /* IOKit.framework in Frameworks */ = {isa = PBXBuildFile; fileRef = 30DD170E1EAD6BE6004CAD77 /* IOKit.framework */; };
		30DD17111EAD6C31004CAD77 /* QuartzCore.framework in Frameworks */ = {isa = PBXBuildFile; fileRef = 30DD17101EAD6C31004CAD77 /* QuartzCore.framework */; };
		30FC86781DF3C1D2003E051B /* Animation.c in Sources */ = {isa = PBXBuildFile; fileRef = 30FC86561DF3C1D2003E051B /* Animation.c */; };
		30FC86791DF3C1D2003E051B /* Animation.c in Sources */ = {isa = PBXBuildFile; fileRef = 30FC86561DF3C1D2003E051B /* Animation.c */; };
		30FC867A1DF3C1D2003E051B /* Animation.c in Sources */ = {isa = PBXBuildFile; fileRef = 30FC86561DF3C1D2003E051B /* Animation.c */; };
		30FC867B1DF3C1D2003E051B /* AnimationState.c in Sources */ = {isa = PBXBuildFile; fileRef = 30FC86571DF3C1D2003E051B /* AnimationState.c */; };
		30FC867C1DF3C1D2003E051B /* AnimationState.c in Sources */ = {isa = PBXBuildFile; fileRef = 30FC86571DF3C1D2003E051B /* AnimationState.c */; };
		30FC867D1DF3C1D2003E051B /* AnimationState.c in Sources */ = {isa = PBXBuildFile; fileRef = 30FC86571DF3C1D2003E051B /* AnimationState.c */; };
		30FC867E1DF3C1D2003E051B /* AnimationStateData.c in Sources */ = {isa = PBXBuildFile; fileRef = 30FC86581DF3C1D2003E051B /* AnimationStateData.c */; };
		30FC867F1DF3C1D2003E051B /* AnimationStateData.c in Sources */ = {isa = PBXBuildFile; fileRef = 30FC86581DF3C1D2003E051B /* AnimationStateData.c */; };
		30FC86801DF3C1D2003E051B /* AnimationStateData.c in Sources */ = {isa = PBXBuildFile; fileRef = 30FC86581DF3C1D2003E051B /* AnimationStateData.c */; };
		30FC86811DF3C1D2003E051B /* Atlas.c in Sources */ = {isa = PBXBuildFile; fileRef = 30FC86591DF3C1D2003E051B /* Atlas.c */; };
		30FC86821DF3C1D2003E051B /* Atlas.c in Sources */ = {isa = PBXBuildFile; fileRef = 30FC86591DF3C1D2003E051B /* Atlas.c */; };
		30FC86831DF3C1D2003E051B /* Atlas.c in Sources */ = {isa = PBXBuildFile; fileRef = 30FC86591DF3C1D2003E051B /* Atlas.c */; };
		30FC86841DF3C1D2003E051B /* AtlasAttachmentLoader.c in Sources */ = {isa = PBXBuildFile; fileRef = 30FC865A1DF3C1D2003E051B /* AtlasAttachmentLoader.c */; };
		30FC86851DF3C1D2003E051B /* AtlasAttachmentLoader.c in Sources */ = {isa = PBXBuildFile; fileRef = 30FC865A1DF3C1D2003E051B /* AtlasAttachmentLoader.c */; };
		30FC86861DF3C1D2003E051B /* AtlasAttachmentLoader.c in Sources */ = {isa = PBXBuildFile; fileRef = 30FC865A1DF3C1D2003E051B /* AtlasAttachmentLoader.c */; };
		30FC86871DF3C1D2003E051B /* Attachment.c in Sources */ = {isa = PBXBuildFile; fileRef = 30FC865B1DF3C1D2003E051B /* Attachment.c */; };
		30FC86881DF3C1D2003E051B /* Attachment.c in Sources */ = {isa = PBXBuildFile; fileRef = 30FC865B1DF3C1D2003E051B /* Attachment.c */; };
		30FC86891DF3C1D2003E051B /* Attachment.c in Sources */ = {isa = PBXBuildFile; fileRef = 30FC865B1DF3C1D2003E051B /* Attachment.c */; };
		30FC868A1DF3C1D2003E051B /* AttachmentLoader.c in Sources */ = {isa = PBXBuildFile; fileRef = 30FC865C1DF3C1D2003E051B /* AttachmentLoader.c */; };
		30FC868B1DF3C1D2003E051B /* AttachmentLoader.c in Sources */ = {isa = PBXBuildFile; fileRef = 30FC865C1DF3C1D2003E051B /* AttachmentLoader.c */; };
		30FC868C1DF3C1D2003E051B /* AttachmentLoader.c in Sources */ = {isa = PBXBuildFile; fileRef = 30FC865C1DF3C1D2003E051B /* AttachmentLoader.c */; };
		30FC868D1DF3C1D2003E051B /* Bone.c in Sources */ = {isa = PBXBuildFile; fileRef = 30FC865D1DF3C1D2003E051B /* Bone.c */; };
		30FC868E1DF3C1D2003E051B /* Bone.c in Sources */ = {isa = PBXBuildFile; fileRef = 30FC865D1DF3C1D2003E051B /* Bone.c */; };
		30FC868F1DF3C1D2003E051B /* Bone.c in Sources */ = {isa = PBXBuildFile; fileRef = 30FC865D1DF3C1D2003E051B /* Bone.c */; };
		30FC86901DF3C1D2003E051B /* BoneData.c in Sources */ = {isa = PBXBuildFile; fileRef = 30FC865E1DF3C1D2003E051B /* BoneData.c */; };
		30FC86911DF3C1D2003E051B /* BoneData.c in Sources */ = {isa = PBXBuildFile; fileRef = 30FC865E1DF3C1D2003E051B /* BoneData.c */; };
		30FC86921DF3C1D2003E051B /* BoneData.c in Sources */ = {isa = PBXBuildFile; fileRef = 30FC865E1DF3C1D2003E051B /* BoneData.c */; };
		30FC86931DF3C1D2003E051B /* BoundingBoxAttachment.c in Sources */ = {isa = PBXBuildFile; fileRef = 30FC865F1DF3C1D2003E051B /* BoundingBoxAttachment.c */; };
		30FC86941DF3C1D2003E051B /* BoundingBoxAttachment.c in Sources */ = {isa = PBXBuildFile; fileRef = 30FC865F1DF3C1D2003E051B /* BoundingBoxAttachment.c */; };
		30FC86951DF3C1D2003E051B /* BoundingBoxAttachment.c in Sources */ = {isa = PBXBuildFile; fileRef = 30FC865F1DF3C1D2003E051B /* BoundingBoxAttachment.c */; };
		30FC86961DF3C1D2003E051B /* Event.c in Sources */ = {isa = PBXBuildFile; fileRef = 30FC86601DF3C1D2003E051B /* Event.c */; };
		30FC86971DF3C1D2003E051B /* Event.c in Sources */ = {isa = PBXBuildFile; fileRef = 30FC86601DF3C1D2003E051B /* Event.c */; };
		30FC86981DF3C1D2003E051B /* Event.c in Sources */ = {isa = PBXBuildFile; fileRef = 30FC86601DF3C1D2003E051B /* Event.c */; };
		30FC86991DF3C1D2003E051B /* EventData.c in Sources */ = {isa = PBXBuildFile; fileRef = 30FC86611DF3C1D2003E051B /* EventData.c */; };
		30FC869A1DF3C1D2003E051B /* EventData.c in Sources */ = {isa = PBXBuildFile; fileRef = 30FC86611DF3C1D2003E051B /* EventData.c */; };
		30FC869B1DF3C1D2003E051B /* EventData.c in Sources */ = {isa = PBXBuildFile; fileRef = 30FC86611DF3C1D2003E051B /* EventData.c */; };
		30FC869C1DF3C1D2003E051B /* extension.c in Sources */ = {isa = PBXBuildFile; fileRef = 30FC86621DF3C1D2003E051B /* extension.c */; };
		30FC869D1DF3C1D2003E051B /* extension.c in Sources */ = {isa = PBXBuildFile; fileRef = 30FC86621DF3C1D2003E051B /* extension.c */; };
		30FC869E1DF3C1D2003E051B /* extension.c in Sources */ = {isa = PBXBuildFile; fileRef = 30FC86621DF3C1D2003E051B /* extension.c */; };
		30FC869F1DF3C1D2003E051B /* IkConstraint.c in Sources */ = {isa = PBXBuildFile; fileRef = 30FC86631DF3C1D2003E051B /* IkConstraint.c */; };
		30FC86A01DF3C1D2003E051B /* IkConstraint.c in Sources */ = {isa = PBXBuildFile; fileRef = 30FC86631DF3C1D2003E051B /* IkConstraint.c */; };
		30FC86A11DF3C1D2003E051B /* IkConstraint.c in Sources */ = {isa = PBXBuildFile; fileRef = 30FC86631DF3C1D2003E051B /* IkConstraint.c */; };
		30FC86A21DF3C1D2003E051B /* IkConstraintData.c in Sources */ = {isa = PBXBuildFile; fileRef = 30FC86641DF3C1D2003E051B /* IkConstraintData.c */; };
		30FC86A31DF3C1D2003E051B /* IkConstraintData.c in Sources */ = {isa = PBXBuildFile; fileRef = 30FC86641DF3C1D2003E051B /* IkConstraintData.c */; };
		30FC86A41DF3C1D2003E051B /* IkConstraintData.c in Sources */ = {isa = PBXBuildFile; fileRef = 30FC86641DF3C1D2003E051B /* IkConstraintData.c */; };
		30FC86A51DF3C1D2003E051B /* Json.c in Sources */ = {isa = PBXBuildFile; fileRef = 30FC86651DF3C1D2003E051B /* Json.c */; };
		30FC86A61DF3C1D2003E051B /* Json.c in Sources */ = {isa = PBXBuildFile; fileRef = 30FC86651DF3C1D2003E051B /* Json.c */; };
		30FC86A71DF3C1D2003E051B /* Json.c in Sources */ = {isa = PBXBuildFile; fileRef = 30FC86651DF3C1D2003E051B /* Json.c */; };
		30FC86A81DF3C1D2003E051B /* MeshAttachment.c in Sources */ = {isa = PBXBuildFile; fileRef = 30FC86681DF3C1D2003E051B /* MeshAttachment.c */; };
		30FC86A91DF3C1D2003E051B /* MeshAttachment.c in Sources */ = {isa = PBXBuildFile; fileRef = 30FC86681DF3C1D2003E051B /* MeshAttachment.c */; };
		30FC86AA1DF3C1D2003E051B /* MeshAttachment.c in Sources */ = {isa = PBXBuildFile; fileRef = 30FC86681DF3C1D2003E051B /* MeshAttachment.c */; };
		30FC86AB1DF3C1D2003E051B /* PathAttachment.c in Sources */ = {isa = PBXBuildFile; fileRef = 30FC86691DF3C1D2003E051B /* PathAttachment.c */; };
		30FC86AC1DF3C1D2003E051B /* PathAttachment.c in Sources */ = {isa = PBXBuildFile; fileRef = 30FC86691DF3C1D2003E051B /* PathAttachment.c */; };
		30FC86AD1DF3C1D2003E051B /* PathAttachment.c in Sources */ = {isa = PBXBuildFile; fileRef = 30FC86691DF3C1D2003E051B /* PathAttachment.c */; };
		30FC86AE1DF3C1D2003E051B /* PathConstraint.c in Sources */ = {isa = PBXBuildFile; fileRef = 30FC866A1DF3C1D2003E051B /* PathConstraint.c */; };
		30FC86AF1DF3C1D2003E051B /* PathConstraint.c in Sources */ = {isa = PBXBuildFile; fileRef = 30FC866A1DF3C1D2003E051B /* PathConstraint.c */; };
		30FC86B01DF3C1D2003E051B /* PathConstraint.c in Sources */ = {isa = PBXBuildFile; fileRef = 30FC866A1DF3C1D2003E051B /* PathConstraint.c */; };
		30FC86B11DF3C1D2003E051B /* PathConstraintData.c in Sources */ = {isa = PBXBuildFile; fileRef = 30FC866B1DF3C1D2003E051B /* PathConstraintData.c */; };
		30FC86B21DF3C1D2003E051B /* PathConstraintData.c in Sources */ = {isa = PBXBuildFile; fileRef = 30FC866B1DF3C1D2003E051B /* PathConstraintData.c */; };
		30FC86B31DF3C1D2003E051B /* PathConstraintData.c in Sources */ = {isa = PBXBuildFile; fileRef = 30FC866B1DF3C1D2003E051B /* PathConstraintData.c */; };
		30FC86B41DF3C1D2003E051B /* RegionAttachment.c in Sources */ = {isa = PBXBuildFile; fileRef = 30FC866C1DF3C1D2003E051B /* RegionAttachment.c */; };
		30FC86B51DF3C1D2003E051B /* RegionAttachment.c in Sources */ = {isa = PBXBuildFile; fileRef = 30FC866C1DF3C1D2003E051B /* RegionAttachment.c */; };
		30FC86B61DF3C1D2003E051B /* RegionAttachment.c in Sources */ = {isa = PBXBuildFile; fileRef = 30FC866C1DF3C1D2003E051B /* RegionAttachment.c */; };
		30FC86B71DF3C1D2003E051B /* Skeleton.c in Sources */ = {isa = PBXBuildFile; fileRef = 30FC866D1DF3C1D2003E051B /* Skeleton.c */; };
		30FC86B81DF3C1D2003E051B /* Skeleton.c in Sources */ = {isa = PBXBuildFile; fileRef = 30FC866D1DF3C1D2003E051B /* Skeleton.c */; };
		30FC86B91DF3C1D2003E051B /* Skeleton.c in Sources */ = {isa = PBXBuildFile; fileRef = 30FC866D1DF3C1D2003E051B /* Skeleton.c */; };
		30FC86BA1DF3C1D2003E051B /* SkeletonBinary.c in Sources */ = {isa = PBXBuildFile; fileRef = 30FC866E1DF3C1D2003E051B /* SkeletonBinary.c */; };
		30FC86BB1DF3C1D2003E051B /* SkeletonBinary.c in Sources */ = {isa = PBXBuildFile; fileRef = 30FC866E1DF3C1D2003E051B /* SkeletonBinary.c */; };
		30FC86BC1DF3C1D2003E051B /* SkeletonBinary.c in Sources */ = {isa = PBXBuildFile; fileRef = 30FC866E1DF3C1D2003E051B /* SkeletonBinary.c */; };
		30FC86BD1DF3C1D2003E051B /* SkeletonBounds.c in Sources */ = {isa = PBXBuildFile; fileRef = 30FC866F1DF3C1D2003E051B /* SkeletonBounds.c */; };
		30FC86BE1DF3C1D2003E051B /* SkeletonBounds.c in Sources */ = {isa = PBXBuildFile; fileRef = 30FC866F1DF3C1D2003E051B /* SkeletonBounds.c */; };
		30FC86BF1DF3C1D2003E051B /* SkeletonBounds.c in Sources */ = {isa = PBXBuildFile; fileRef = 30FC866F1DF3C1D2003E051B /* SkeletonBounds.c */; };
		30FC86C01DF3C1D2003E051B /* SkeletonData.c in Sources */ = {isa = PBXBuildFile; fileRef = 30FC86701DF3C1D2003E051B /* SkeletonData.c */; };
		30FC86C11DF3C1D2003E051B /* SkeletonData.c in Sources */ = {isa = PBXBuildFile; fileRef = 30FC86701DF3C1D2003E051B /* SkeletonData.c */; };
		30FC86C21DF3C1D2003E051B /* SkeletonData.c in Sources */ = {isa = PBXBuildFile; fileRef = 30FC86701DF3C1D2003E051B /* SkeletonData.c */; };
		30FC86C31DF3C1D2003E051B /* SkeletonJson.c in Sources */ = {isa = PBXBuildFile; fileRef = 30FC86711DF3C1D2003E051B /* SkeletonJson.c */; };
		30FC86C41DF3C1D2003E051B /* SkeletonJson.c in Sources */ = {isa = PBXBuildFile; fileRef = 30FC86711DF3C1D2003E051B /* SkeletonJson.c */; };
		30FC86C51DF3C1D2003E051B /* SkeletonJson.c in Sources */ = {isa = PBXBuildFile; fileRef = 30FC86711DF3C1D2003E051B /* SkeletonJson.c */; };
		30FC86C61DF3C1D2003E051B /* Skin.c in Sources */ = {isa = PBXBuildFile; fileRef = 30FC86721DF3C1D2003E051B /* Skin.c */; };
		30FC86C71DF3C1D2003E051B /* Skin.c in Sources */ = {isa = PBXBuildFile; fileRef = 30FC86721DF3C1D2003E051B /* Skin.c */; };
		30FC86C81DF3C1D2003E051B /* Skin.c in Sources */ = {isa = PBXBuildFile; fileRef = 30FC86721DF3C1D2003E051B /* Skin.c */; };
		30FC86C91DF3C1D2003E051B /* Slot.c in Sources */ = {isa = PBXBuildFile; fileRef = 30FC86731DF3C1D2003E051B /* Slot.c */; };
		30FC86CA1DF3C1D2003E051B /* Slot.c in Sources */ = {isa = PBXBuildFile; fileRef = 30FC86731DF3C1D2003E051B /* Slot.c */; };
		30FC86CB1DF3C1D2003E051B /* Slot.c in Sources */ = {isa = PBXBuildFile; fileRef = 30FC86731DF3C1D2003E051B /* Slot.c */; };
		30FC86CC1DF3C1D2003E051B /* SlotData.c in Sources */ = {isa = PBXBuildFile; fileRef = 30FC86741DF3C1D2003E051B /* SlotData.c */; };
		30FC86CD1DF3C1D2003E051B /* SlotData.c in Sources */ = {isa = PBXBuildFile; fileRef = 30FC86741DF3C1D2003E051B /* SlotData.c */; };
		30FC86CE1DF3C1D2003E051B /* SlotData.c in Sources */ = {isa = PBXBuildFile; fileRef = 30FC86741DF3C1D2003E051B /* SlotData.c */; };
		30FC86CF1DF3C1D2003E051B /* TransformConstraint.c in Sources */ = {isa = PBXBuildFile; fileRef = 30FC86751DF3C1D2003E051B /* TransformConstraint.c */; };
		30FC86D01DF3C1D2003E051B /* TransformConstraint.c in Sources */ = {isa = PBXBuildFile; fileRef = 30FC86751DF3C1D2003E051B /* TransformConstraint.c */; };
		30FC86D11DF3C1D2003E051B /* TransformConstraint.c in Sources */ = {isa = PBXBuildFile; fileRef = 30FC86751DF3C1D2003E051B /* TransformConstraint.c */; };
		30FC86D21DF3C1D2003E051B /* TransformConstraintData.c in Sources */ = {isa = PBXBuildFile; fileRef = 30FC86761DF3C1D2003E051B /* TransformConstraintData.c */; };
		30FC86D31DF3C1D2003E051B /* TransformConstraintData.c in Sources */ = {isa = PBXBuildFile; fileRef = 30FC86761DF3C1D2003E051B /* TransformConstraintData.c */; };
		30FC86D41DF3C1D2003E051B /* TransformConstraintData.c in Sources */ = {isa = PBXBuildFile; fileRef = 30FC86761DF3C1D2003E051B /* TransformConstraintData.c */; };
		30FC86D51DF3C1D2003E051B /* VertexAttachment.c in Sources */ = {isa = PBXBuildFile; fileRef = 30FC86771DF3C1D2003E051B /* VertexAttachment.c */; };
		30FC86D61DF3C1D2003E051B /* VertexAttachment.c in Sources */ = {isa = PBXBuildFile; fileRef = 30FC86771DF3C1D2003E051B /* VertexAttachment.c */; };
		30FC86D71DF3C1D2003E051B /* VertexAttachment.c in Sources */ = {isa = PBXBuildFile; fileRef = 30FC86771DF3C1D2003E051B /* VertexAttachment.c */; };
		52C9C9851F4ECF8400F5F87A /* spineboy.atlas in Resources */ = {isa = PBXBuildFile; fileRef = 52C9C9821F4ECF8400F5F87A /* spineboy.atlas */; };
		52C9C9861F4ECF8400F5F87A /* spineboy.atlas in Resources */ = {isa = PBXBuildFile; fileRef = 52C9C9821F4ECF8400F5F87A /* spineboy.atlas */; };
		52C9C9871F4ECF8400F5F87A /* spineboy.png in Resources */ = {isa = PBXBuildFile; fileRef = 52C9C9831F4ECF8400F5F87A /* spineboy.png */; };
		52C9C9881F4ECF8400F5F87A /* spineboy.png in Resources */ = {isa = PBXBuildFile; fileRef = 52C9C9831F4ECF8400F5F87A /* spineboy.png */; };
		52C9C9891F4ECF8400F5F87A /* spineboy.skel in Resources */ = {isa = PBXBuildFile; fileRef = 52C9C9841F4ECF8400F5F87A /* spineboy.skel */; };
		52C9C98A1F4ECF8400F5F87A /* spineboy.skel in Resources */ = {isa = PBXBuildFile; fileRef = 52C9C9841F4ECF8400F5F87A /* spineboy.skel */; };
		52C9C9921F4ED4CF00F5F87A /* Array.c in Sources */ = {isa = PBXBuildFile; fileRef = 52C9C98B1F4ED4CF00F5F87A /* Array.c */; };
		52C9C9931F4ED4CF00F5F87A /* Array.c in Sources */ = {isa = PBXBuildFile; fileRef = 52C9C98B1F4ED4CF00F5F87A /* Array.c */; };
		52C9C9941F4ED4CF00F5F87A /* ClippingAttachment.c in Sources */ = {isa = PBXBuildFile; fileRef = 52C9C98C1F4ED4CF00F5F87A /* ClippingAttachment.c */; };
		52C9C9951F4ED4CF00F5F87A /* ClippingAttachment.c in Sources */ = {isa = PBXBuildFile; fileRef = 52C9C98C1F4ED4CF00F5F87A /* ClippingAttachment.c */; };
		52C9C9961F4ED4CF00F5F87A /* Color.c in Sources */ = {isa = PBXBuildFile; fileRef = 52C9C98D1F4ED4CF00F5F87A /* Color.c */; };
		52C9C9971F4ED4CF00F5F87A /* Color.c in Sources */ = {isa = PBXBuildFile; fileRef = 52C9C98D1F4ED4CF00F5F87A /* Color.c */; };
		52C9C9981F4ED4CF00F5F87A /* PointAttachment.c in Sources */ = {isa = PBXBuildFile; fileRef = 52C9C98E1F4ED4CF00F5F87A /* PointAttachment.c */; };
		52C9C9991F4ED4CF00F5F87A /* PointAttachment.c in Sources */ = {isa = PBXBuildFile; fileRef = 52C9C98E1F4ED4CF00F5F87A /* PointAttachment.c */; };
		52C9C99A1F4ED4CF00F5F87A /* SkeletonClipping.c in Sources */ = {isa = PBXBuildFile; fileRef = 52C9C98F1F4ED4CF00F5F87A /* SkeletonClipping.c */; };
		52C9C99B1F4ED4CF00F5F87A /* SkeletonClipping.c in Sources */ = {isa = PBXBuildFile; fileRef = 52C9C98F1F4ED4CF00F5F87A /* SkeletonClipping.c */; };
		52C9C99C1F4ED4CF00F5F87A /* Triangulator.c in Sources */ = {isa = PBXBuildFile; fileRef = 52C9C9901F4ED4CF00F5F87A /* Triangulator.c */; };
		52C9C99D1F4ED4CF00F5F87A /* Triangulator.c in Sources */ = {isa = PBXBuildFile; fileRef = 52C9C9901F4ED4CF00F5F87A /* Triangulator.c */; };
		52C9C99E1F4ED4CF00F5F87A /* VertexEffect.c in Sources */ = {isa = PBXBuildFile; fileRef = 52C9C9911F4ED4CF00F5F87A /* VertexEffect.c */; };
		52C9C99F1F4ED4CF00F5F87A /* VertexEffect.c in Sources */ = {isa = PBXBuildFile; fileRef = 52C9C9911F4ED4CF00F5F87A /* VertexEffect.c */; };
/* End PBXBuildFile section */

/* Begin PBXContainerItemProxy section */
		30224CDE1D7240D50067DE35 /* PBXContainerItemProxy */ = {
			isa = PBXContainerItemProxy;
			containerPortal = 30C56CBB1CACA70E007AEF8F /* ouzel.xcodeproj */;
			proxyType = 2;
			remoteGlobalIDString = 304A8E251C237C30008B1151;
			remoteInfo = ouzel_osx;
		};
		30224CE01D7240D50067DE35 /* PBXContainerItemProxy */ = {
			isa = PBXContainerItemProxy;
			containerPortal = 30C56CBB1CACA70E007AEF8F /* ouzel.xcodeproj */;
			proxyType = 2;
			remoteGlobalIDString = 303B75331C2A3C5800FEDE92;
			remoteInfo = ouzel_ios;
		};
		30224CE21D7240D50067DE35 /* PBXContainerItemProxy */ = {
			isa = PBXContainerItemProxy;
			containerPortal = 30C56CBB1CACA70E007AEF8F /* ouzel.xcodeproj */;
			proxyType = 2;
			remoteGlobalIDString = 303B76801C355A3B00FEDE92;
			remoteInfo = ouzel_tvos;
		};
/* End PBXContainerItemProxy section */

/* Begin PBXFileReference section */
		3011E1CE1F008BBE00CB1DDC /* settings.ini */ = {isa = PBXFileReference; fileEncoding = 4; lastKnownFileType = text; path = settings.ini; sourceTree = SOURCE_ROOT; };
		30324DAE1CAFB8CA00601A64 /* SpineDrawable.cpp */ = {isa = PBXFileReference; fileEncoding = 4; lastKnownFileType = sourcecode.cpp.cpp; path = SpineDrawable.cpp; sourceTree = "<group>"; };
		30324DAF1CAFB8CA00601A64 /* SpineDrawable.hpp */ = {isa = PBXFileReference; fileEncoding = 4; lastKnownFileType = sourcecode.cpp.h; path = SpineDrawable.hpp; sourceTree = "<group>"; };
		3036479F1C414EF50024DB5B /* Assets.xcassets */ = {isa = PBXFileReference; lastKnownFileType = folder.assetcatalog; path = Assets.xcassets; sourceTree = "<group>"; };
		303647A01C414F120024DB5B /* Assets.xcassets */ = {isa = PBXFileReference; lastKnownFileType = folder.assetcatalog; path = Assets.xcassets; sourceTree = "<group>"; };
		303B74ED1C27F6A100FEDE92 /* OpenGL.framework */ = {isa = PBXFileReference; lastKnownFileType = wrapper.framework; name = OpenGL.framework; path = System/Library/Frameworks/OpenGL.framework; sourceTree = SDKROOT; };
		303B74F01C27F6DD00FEDE92 /* AppKit.framework */ = {isa = PBXFileReference; lastKnownFileType = wrapper.framework; name = AppKit.framework; path = System/Library/Frameworks/AppKit.framework; sourceTree = SDKROOT; };
		303B74F21C27F6EB00FEDE92 /* Cocoa.framework */ = {isa = PBXFileReference; lastKnownFileType = wrapper.framework; name = Cocoa.framework; path = System/Library/Frameworks/Cocoa.framework; sourceTree = SDKROOT; };
		303B75181C29EB8400FEDE92 /* main.cpp */ = {isa = PBXFileReference; fileEncoding = 4; lastKnownFileType = sourcecode.cpp.cpp; path = main.cpp; sourceTree = "<group>"; };
		303B76201C34CFE300FEDE92 /* ouzel_spine_osx.app */ = {isa = PBXFileReference; explicitFileType = wrapper.application; includeInIndex = 0; path = ouzel_spine_osx.app; sourceTree = BUILT_PRODUCTS_DIR; };
		303B76221C34D0A900FEDE92 /* OpenGLES.framework */ = {isa = PBXFileReference; lastKnownFileType = wrapper.framework; name = OpenGLES.framework; path = Platforms/iPhoneOS.platform/Developer/SDKs/iPhoneOS9.2.sdk/System/Library/Frameworks/OpenGLES.framework; sourceTree = DEVELOPER_DIR; };
		303B76251C34D10200FEDE92 /* Foundation.framework */ = {isa = PBXFileReference; lastKnownFileType = wrapper.framework; name = Foundation.framework; path = Platforms/iPhoneOS.platform/Developer/SDKs/iPhoneOS9.2.sdk/System/Library/Frameworks/Foundation.framework; sourceTree = DEVELOPER_DIR; };
		303B76271C34D11400FEDE92 /* UIKit.framework */ = {isa = PBXFileReference; lastKnownFileType = wrapper.framework; name = UIKit.framework; path = Platforms/iPhoneOS.platform/Developer/SDKs/iPhoneOS9.2.sdk/System/Library/Frameworks/UIKit.framework; sourceTree = DEVELOPER_DIR; };
		303B762B1C34D22700FEDE92 /* Info.plist */ = {isa = PBXFileReference; lastKnownFileType = text.plist.xml; path = Info.plist; sourceTree = "<group>"; };
		303B76A01C355AA400FEDE92 /* ouzel_spine_osx.app */ = {isa = PBXFileReference; explicitFileType = wrapper.application; includeInIndex = 0; path = ouzel_spine_osx.app; sourceTree = BUILT_PRODUCTS_DIR; };
		303B76A31C355ADC00FEDE92 /* UIKit.framework */ = {isa = PBXFileReference; lastKnownFileType = wrapper.framework; name = UIKit.framework; path = Platforms/AppleTVOS.platform/Developer/SDKs/AppleTVOS9.1.sdk/System/Library/Frameworks/UIKit.framework; sourceTree = DEVELOPER_DIR; };
		303B76A51C355AE900FEDE92 /* OpenGLES.framework */ = {isa = PBXFileReference; lastKnownFileType = wrapper.framework; name = OpenGLES.framework; path = Platforms/AppleTVOS.platform/Developer/SDKs/AppleTVOS9.1.sdk/System/Library/Frameworks/OpenGLES.framework; sourceTree = DEVELOPER_DIR; };
		303B76A71C355AF900FEDE92 /* Foundation.framework */ = {isa = PBXFileReference; lastKnownFileType = wrapper.framework; name = Foundation.framework; path = Platforms/AppleTVOS.platform/Developer/SDKs/AppleTVOS9.1.sdk/System/Library/Frameworks/Foundation.framework; sourceTree = DEVELOPER_DIR; };
		303B76C71C35695900FEDE92 /* QuartzCore.framework */ = {isa = PBXFileReference; lastKnownFileType = wrapper.framework; name = QuartzCore.framework; path = Platforms/iPhoneOS.platform/Developer/SDKs/iPhoneOS9.2.sdk/System/Library/Frameworks/QuartzCore.framework; sourceTree = DEVELOPER_DIR; };
		303B76C91C35696200FEDE92 /* QuartzCore.framework */ = {isa = PBXFileReference; lastKnownFileType = wrapper.framework; name = QuartzCore.framework; path = Platforms/AppleTVOS.platform/Developer/SDKs/AppleTVOS9.1.sdk/System/Library/Frameworks/QuartzCore.framework; sourceTree = DEVELOPER_DIR; };
		30419E411D1A1A6A00A63759 /* CoreAudio.framework */ = {isa = PBXFileReference; lastKnownFileType = wrapper.framework; name = CoreAudio.framework; path = System/Library/Frameworks/CoreAudio.framework; sourceTree = SDKROOT; };
		30419E461D1A1A7500A63759 /* CoreAudio.framework */ = {isa = PBXFileReference; lastKnownFileType = wrapper.framework; name = CoreAudio.framework; path = Platforms/iPhoneOS.platform/Developer/SDKs/iPhoneOS9.3.sdk/System/Library/Frameworks/CoreAudio.framework; sourceTree = DEVELOPER_DIR; };
		30419E481D1A1A7F00A63759 /* CoreAudio.framework */ = {isa = PBXFileReference; lastKnownFileType = wrapper.framework; name = CoreAudio.framework; path = Platforms/AppleTVOS.platform/Developer/SDKs/AppleTVOS9.2.sdk/System/Library/Frameworks/CoreAudio.framework; sourceTree = DEVELOPER_DIR; };
		30419E4A1D1A1A8E00A63759 /* AudioToolbox.framework */ = {isa = PBXFileReference; lastKnownFileType = wrapper.framework; name = AudioToolbox.framework; path = Platforms/iPhoneOS.platform/Developer/SDKs/iPhoneOS9.3.sdk/System/Library/Frameworks/AudioToolbox.framework; sourceTree = DEVELOPER_DIR; };
		30419E4C1D1A1A9600A63759 /* AudioToolbox.framework */ = {isa = PBXFileReference; lastKnownFileType = wrapper.framework; name = AudioToolbox.framework; path = Platforms/AppleTVOS.platform/Developer/SDKs/AppleTVOS9.2.sdk/System/Library/Frameworks/AudioToolbox.framework; sourceTree = DEVELOPER_DIR; };
		30419E8F1D2038CD00A63759 /* OpenAL.framework */ = {isa = PBXFileReference; lastKnownFileType = wrapper.framework; name = OpenAL.framework; path = System/Library/Frameworks/OpenAL.framework; sourceTree = SDKROOT; };
		30419E911D2038D400A63759 /* OpenAL.framework */ = {isa = PBXFileReference; lastKnownFileType = wrapper.framework; name = OpenAL.framework; path = Platforms/iPhoneOS.platform/Developer/SDKs/iPhoneOS9.3.sdk/System/Library/Frameworks/OpenAL.framework; sourceTree = DEVELOPER_DIR; };
		30419E931D2038DB00A63759 /* OpenAL.framework */ = {isa = PBXFileReference; lastKnownFileType = wrapper.framework; name = OpenAL.framework; path = Platforms/AppleTVOS.platform/Developer/SDKs/AppleTVOS9.2.sdk/System/Library/Frameworks/OpenAL.framework; sourceTree = DEVELOPER_DIR; };
		304A8E0A1C237B95008B1151 /* ouzel_spine_osx.app */ = {isa = PBXFileReference; explicitFileType = wrapper.application; includeInIndex = 0; path = ouzel_spine_osx.app; sourceTree = BUILT_PRODUCTS_DIR; };
		304A8E161C237B96008B1151 /* Assets.xcassets */ = {isa = PBXFileReference; lastKnownFileType = folder.assetcatalog; path = Assets.xcassets; sourceTree = "<group>"; };
		304A8E1B1C237B96008B1151 /* Info.plist */ = {isa = PBXFileReference; lastKnownFileType = text.plist.xml; path = Info.plist; sourceTree = "<group>"; };
		304A8EA81C27429A008B1151 /* SpineSample.cpp */ = {isa = PBXFileReference; fileEncoding = 4; lastKnownFileType = sourcecode.cpp.cpp; path = SpineSample.cpp; sourceTree = "<group>"; };
		304A8EA91C27429A008B1151 /* SpineSample.hpp */ = {isa = PBXFileReference; fileEncoding = 4; lastKnownFileType = sourcecode.cpp.h; path = SpineSample.hpp; sourceTree = "<group>"; };
		30575A961C38C90F0009C8A7 /* Info.plist */ = {isa = PBXFileReference; lastKnownFileType = text.plist.xml; path = Info.plist; sourceTree = "<group>"; };
		30575AE71C3C98F50009C8A7 /* GameController.framework */ = {isa = PBXFileReference; lastKnownFileType = wrapper.framework; name = GameController.framework; path = System/Library/Frameworks/GameController.framework; sourceTree = SDKROOT; };
		30575AE91C3C99010009C8A7 /* GameController.framework */ = {isa = PBXFileReference; lastKnownFileType = wrapper.framework; name = GameController.framework; path = Platforms/iPhoneOS.platform/Developer/SDKs/iPhoneOS9.2.sdk/System/Library/Frameworks/GameController.framework; sourceTree = DEVELOPER_DIR; };
		30575AEB1C3C990B0009C8A7 /* GameController.framework */ = {isa = PBXFileReference; lastKnownFileType = wrapper.framework; name = GameController.framework; path = Platforms/AppleTVOS.platform/Developer/SDKs/AppleTVOS9.1.sdk/System/Library/Frameworks/GameController.framework; sourceTree = DEVELOPER_DIR; };
		305F6DBA1C66C50000B76A03 /* CoreVideo.framework */ = {isa = PBXFileReference; lastKnownFileType = wrapper.framework; name = CoreVideo.framework; path = System/Library/Frameworks/CoreVideo.framework; sourceTree = SDKROOT; };
		30775BCF1D5BEAD200394C9C /* AVFoundation.framework */ = {isa = PBXFileReference; lastKnownFileType = wrapper.framework; name = AVFoundation.framework; path = Platforms/iPhoneOS.platform/Developer/SDKs/iPhoneOS9.3.sdk/System/Library/Frameworks/AVFoundation.framework; sourceTree = DEVELOPER_DIR; };
		30775BD41D5BEAF200394C9C /* AVFoundation.framework */ = {isa = PBXFileReference; lastKnownFileType = wrapper.framework; name = AVFoundation.framework; path = Platforms/AppleTVOS.platform/Developer/SDKs/AppleTVOS9.2.sdk/System/Library/Frameworks/AVFoundation.framework; sourceTree = DEVELOPER_DIR; };
		308265CE1F291167009417DD /* AudioUnit.framework */ = {isa = PBXFileReference; lastKnownFileType = wrapper.framework; name = AudioUnit.framework; path = System/Library/Frameworks/AudioUnit.framework; sourceTree = SDKROOT; };
		308265D31F29116F009417DD /* AudioToolbox.framework */ = {isa = PBXFileReference; lastKnownFileType = wrapper.framework; name = AudioToolbox.framework; path = System/Library/Frameworks/AudioToolbox.framework; sourceTree = SDKROOT; };
		30AFE1581CB6BD5900478AA2 /* Metal.framework */ = {isa = PBXFileReference; lastKnownFileType = wrapper.framework; name = Metal.framework; path = System/Library/Frameworks/Metal.framework; sourceTree = SDKROOT; };
		30AFE1591CB6BD5900478AA2 /* MetalKit.framework */ = {isa = PBXFileReference; lastKnownFileType = wrapper.framework; name = MetalKit.framework; path = System/Library/Frameworks/MetalKit.framework; sourceTree = SDKROOT; };
		30AFE15C1CB6BD6500478AA2 /* Metal.framework */ = {isa = PBXFileReference; lastKnownFileType = wrapper.framework; name = Metal.framework; path = Platforms/iPhoneOS.platform/Developer/SDKs/iPhoneOS9.3.sdk/System/Library/Frameworks/Metal.framework; sourceTree = DEVELOPER_DIR; };
		30AFE15D1CB6BD6500478AA2 /* MetalKit.framework */ = {isa = PBXFileReference; lastKnownFileType = wrapper.framework; name = MetalKit.framework; path = Platforms/iPhoneOS.platform/Developer/SDKs/iPhoneOS9.3.sdk/System/Library/Frameworks/MetalKit.framework; sourceTree = DEVELOPER_DIR; };
		30AFE1601CB6BD7000478AA2 /* Metal.framework */ = {isa = PBXFileReference; lastKnownFileType = wrapper.framework; name = Metal.framework; path = Platforms/AppleTVOS.platform/Developer/SDKs/AppleTVOS9.2.sdk/System/Library/Frameworks/Metal.framework; sourceTree = DEVELOPER_DIR; };
		30AFE1611CB6BD7000478AA2 /* MetalKit.framework */ = {isa = PBXFileReference; lastKnownFileType = wrapper.framework; name = MetalKit.framework; path = Platforms/AppleTVOS.platform/Developer/SDKs/AppleTVOS9.2.sdk/System/Library/Frameworks/MetalKit.framework; sourceTree = DEVELOPER_DIR; };
		30C56CBB1CACA70E007AEF8F /* ouzel.xcodeproj */ = {isa = PBXFileReference; lastKnownFileType = "wrapper.pb-project"; name = ouzel.xcodeproj; path = external/ouzel/build/ouzel.xcodeproj; sourceTree = "<group>"; };
		30DD170E1EAD6BE6004CAD77 /* IOKit.framework */ = {isa = PBXFileReference; lastKnownFileType = wrapper.framework; name = IOKit.framework; path = System/Library/Frameworks/IOKit.framework; sourceTree = SDKROOT; };
		30DD17101EAD6C31004CAD77 /* QuartzCore.framework */ = {isa = PBXFileReference; lastKnownFileType = wrapper.framework; name = QuartzCore.framework; path = System/Library/Frameworks/QuartzCore.framework; sourceTree = SDKROOT; };
		30FC86561DF3C1D2003E051B /* Animation.c */ = {isa = PBXFileReference; fileEncoding = 4; lastKnownFileType = sourcecode.c.c; name = Animation.c; path = "external/spine-runtimes/spine-c/spine-c/src/spine/Animation.c"; sourceTree = SOURCE_ROOT; };
		30FC86571DF3C1D2003E051B /* AnimationState.c */ = {isa = PBXFileReference; fileEncoding = 4; lastKnownFileType = sourcecode.c.c; name = AnimationState.c; path = "external/spine-runtimes/spine-c/spine-c/src/spine/AnimationState.c"; sourceTree = SOURCE_ROOT; };
		30FC86581DF3C1D2003E051B /* AnimationStateData.c */ = {isa = PBXFileReference; fileEncoding = 4; lastKnownFileType = sourcecode.c.c; name = AnimationStateData.c; path = "external/spine-runtimes/spine-c/spine-c/src/spine/AnimationStateData.c"; sourceTree = SOURCE_ROOT; };
		30FC86591DF3C1D2003E051B /* Atlas.c */ = {isa = PBXFileReference; fileEncoding = 4; lastKnownFileType = sourcecode.c.c; name = Atlas.c; path = "external/spine-runtimes/spine-c/spine-c/src/spine/Atlas.c"; sourceTree = SOURCE_ROOT; };
		30FC865A1DF3C1D2003E051B /* AtlasAttachmentLoader.c */ = {isa = PBXFileReference; fileEncoding = 4; lastKnownFileType = sourcecode.c.c; name = AtlasAttachmentLoader.c; path = "external/spine-runtimes/spine-c/spine-c/src/spine/AtlasAttachmentLoader.c"; sourceTree = SOURCE_ROOT; };
		30FC865B1DF3C1D2003E051B /* Attachment.c */ = {isa = PBXFileReference; fileEncoding = 4; lastKnownFileType = sourcecode.c.c; name = Attachment.c; path = "external/spine-runtimes/spine-c/spine-c/src/spine/Attachment.c"; sourceTree = SOURCE_ROOT; };
		30FC865C1DF3C1D2003E051B /* AttachmentLoader.c */ = {isa = PBXFileReference; fileEncoding = 4; lastKnownFileType = sourcecode.c.c; name = AttachmentLoader.c; path = "external/spine-runtimes/spine-c/spine-c/src/spine/AttachmentLoader.c"; sourceTree = SOURCE_ROOT; };
		30FC865D1DF3C1D2003E051B /* Bone.c */ = {isa = PBXFileReference; fileEncoding = 4; lastKnownFileType = sourcecode.c.c; name = Bone.c; path = "external/spine-runtimes/spine-c/spine-c/src/spine/Bone.c"; sourceTree = SOURCE_ROOT; };
		30FC865E1DF3C1D2003E051B /* BoneData.c */ = {isa = PBXFileReference; fileEncoding = 4; lastKnownFileType = sourcecode.c.c; name = BoneData.c; path = "external/spine-runtimes/spine-c/spine-c/src/spine/BoneData.c"; sourceTree = SOURCE_ROOT; };
		30FC865F1DF3C1D2003E051B /* BoundingBoxAttachment.c */ = {isa = PBXFileReference; fileEncoding = 4; lastKnownFileType = sourcecode.c.c; name = BoundingBoxAttachment.c; path = "external/spine-runtimes/spine-c/spine-c/src/spine/BoundingBoxAttachment.c"; sourceTree = SOURCE_ROOT; };
		30FC86601DF3C1D2003E051B /* Event.c */ = {isa = PBXFileReference; fileEncoding = 4; lastKnownFileType = sourcecode.c.c; name = Event.c; path = "external/spine-runtimes/spine-c/spine-c/src/spine/Event.c"; sourceTree = SOURCE_ROOT; };
		30FC86611DF3C1D2003E051B /* EventData.c */ = {isa = PBXFileReference; fileEncoding = 4; lastKnownFileType = sourcecode.c.c; name = EventData.c; path = "external/spine-runtimes/spine-c/spine-c/src/spine/EventData.c"; sourceTree = SOURCE_ROOT; };
		30FC86621DF3C1D2003E051B /* extension.c */ = {isa = PBXFileReference; fileEncoding = 4; lastKnownFileType = sourcecode.c.c; name = extension.c; path = "external/spine-runtimes/spine-c/spine-c/src/spine/extension.c"; sourceTree = SOURCE_ROOT; };
		30FC86631DF3C1D2003E051B /* IkConstraint.c */ = {isa = PBXFileReference; fileEncoding = 4; lastKnownFileType = sourcecode.c.c; name = IkConstraint.c; path = "external/spine-runtimes/spine-c/spine-c/src/spine/IkConstraint.c"; sourceTree = SOURCE_ROOT; };
		30FC86641DF3C1D2003E051B /* IkConstraintData.c */ = {isa = PBXFileReference; fileEncoding = 4; lastKnownFileType = sourcecode.c.c; name = IkConstraintData.c; path = "external/spine-runtimes/spine-c/spine-c/src/spine/IkConstraintData.c"; sourceTree = SOURCE_ROOT; };
		30FC86651DF3C1D2003E051B /* Json.c */ = {isa = PBXFileReference; fileEncoding = 4; lastKnownFileType = sourcecode.c.c; name = Json.c; path = "external/spine-runtimes/spine-c/spine-c/src/spine/Json.c"; sourceTree = SOURCE_ROOT; };
		30FC86661DF3C1D2003E051B /* Json.h */ = {isa = PBXFileReference; fileEncoding = 4; lastKnownFileType = sourcecode.c.h; name = Json.h; path = "external/spine-runtimes/spine-c/spine-c/src/spine/Json.h"; sourceTree = SOURCE_ROOT; };
		30FC86671DF3C1D2003E051B /* kvec.h */ = {isa = PBXFileReference; fileEncoding = 4; lastKnownFileType = sourcecode.c.h; name = kvec.h; path = "external/spine-runtimes/spine-c/spine-c/src/spine/kvec.h"; sourceTree = SOURCE_ROOT; };
		30FC86681DF3C1D2003E051B /* MeshAttachment.c */ = {isa = PBXFileReference; fileEncoding = 4; lastKnownFileType = sourcecode.c.c; name = MeshAttachment.c; path = "external/spine-runtimes/spine-c/spine-c/src/spine/MeshAttachment.c"; sourceTree = SOURCE_ROOT; };
		30FC86691DF3C1D2003E051B /* PathAttachment.c */ = {isa = PBXFileReference; fileEncoding = 4; lastKnownFileType = sourcecode.c.c; name = PathAttachment.c; path = "external/spine-runtimes/spine-c/spine-c/src/spine/PathAttachment.c"; sourceTree = SOURCE_ROOT; };
		30FC866A1DF3C1D2003E051B /* PathConstraint.c */ = {isa = PBXFileReference; fileEncoding = 4; lastKnownFileType = sourcecode.c.c; name = PathConstraint.c; path = "external/spine-runtimes/spine-c/spine-c/src/spine/PathConstraint.c"; sourceTree = SOURCE_ROOT; };
		30FC866B1DF3C1D2003E051B /* PathConstraintData.c */ = {isa = PBXFileReference; fileEncoding = 4; lastKnownFileType = sourcecode.c.c; name = PathConstraintData.c; path = "external/spine-runtimes/spine-c/spine-c/src/spine/PathConstraintData.c"; sourceTree = SOURCE_ROOT; };
		30FC866C1DF3C1D2003E051B /* RegionAttachment.c */ = {isa = PBXFileReference; fileEncoding = 4; lastKnownFileType = sourcecode.c.c; name = RegionAttachment.c; path = "external/spine-runtimes/spine-c/spine-c/src/spine/RegionAttachment.c"; sourceTree = SOURCE_ROOT; };
		30FC866D1DF3C1D2003E051B /* Skeleton.c */ = {isa = PBXFileReference; fileEncoding = 4; lastKnownFileType = sourcecode.c.c; name = Skeleton.c; path = "external/spine-runtimes/spine-c/spine-c/src/spine/Skeleton.c"; sourceTree = SOURCE_ROOT; };
		30FC866E1DF3C1D2003E051B /* SkeletonBinary.c */ = {isa = PBXFileReference; fileEncoding = 4; lastKnownFileType = sourcecode.c.c; name = SkeletonBinary.c; path = "external/spine-runtimes/spine-c/spine-c/src/spine/SkeletonBinary.c"; sourceTree = SOURCE_ROOT; };
		30FC866F1DF3C1D2003E051B /* SkeletonBounds.c */ = {isa = PBXFileReference; fileEncoding = 4; lastKnownFileType = sourcecode.c.c; name = SkeletonBounds.c; path = "external/spine-runtimes/spine-c/spine-c/src/spine/SkeletonBounds.c"; sourceTree = SOURCE_ROOT; };
		30FC86701DF3C1D2003E051B /* SkeletonData.c */ = {isa = PBXFileReference; fileEncoding = 4; lastKnownFileType = sourcecode.c.c; name = SkeletonData.c; path = "external/spine-runtimes/spine-c/spine-c/src/spine/SkeletonData.c"; sourceTree = SOURCE_ROOT; };
		30FC86711DF3C1D2003E051B /* SkeletonJson.c */ = {isa = PBXFileReference; fileEncoding = 4; lastKnownFileType = sourcecode.c.c; name = SkeletonJson.c; path = "external/spine-runtimes/spine-c/spine-c/src/spine/SkeletonJson.c"; sourceTree = SOURCE_ROOT; };
		30FC86721DF3C1D2003E051B /* Skin.c */ = {isa = PBXFileReference; fileEncoding = 4; lastKnownFileType = sourcecode.c.c; name = Skin.c; path = "external/spine-runtimes/spine-c/spine-c/src/spine/Skin.c"; sourceTree = SOURCE_ROOT; };
		30FC86731DF3C1D2003E051B /* Slot.c */ = {isa = PBXFileReference; fileEncoding = 4; lastKnownFileType = sourcecode.c.c; name = Slot.c; path = "external/spine-runtimes/spine-c/spine-c/src/spine/Slot.c"; sourceTree = SOURCE_ROOT; };
		30FC86741DF3C1D2003E051B /* SlotData.c */ = {isa = PBXFileReference; fileEncoding = 4; lastKnownFileType = sourcecode.c.c; name = SlotData.c; path = "external/spine-runtimes/spine-c/spine-c/src/spine/SlotData.c"; sourceTree = SOURCE_ROOT; };
		30FC86751DF3C1D2003E051B /* TransformConstraint.c */ = {isa = PBXFileReference; fileEncoding = 4; lastKnownFileType = sourcecode.c.c; name = TransformConstraint.c; path = "external/spine-runtimes/spine-c/spine-c/src/spine/TransformConstraint.c"; sourceTree = SOURCE_ROOT; };
		30FC86761DF3C1D2003E051B /* TransformConstraintData.c */ = {isa = PBXFileReference; fileEncoding = 4; lastKnownFileType = sourcecode.c.c; name = TransformConstraintData.c; path = "external/spine-runtimes/spine-c/spine-c/src/spine/TransformConstraintData.c"; sourceTree = SOURCE_ROOT; };
		30FC86771DF3C1D2003E051B /* VertexAttachment.c */ = {isa = PBXFileReference; fileEncoding = 4; lastKnownFileType = sourcecode.c.c; name = VertexAttachment.c; path = "external/spine-runtimes/spine-c/spine-c/src/spine/VertexAttachment.c"; sourceTree = SOURCE_ROOT; };
		52C9C9821F4ECF8400F5F87A /* spineboy.atlas */ = {isa = PBXFileReference; fileEncoding = 4; lastKnownFileType = text; path = spineboy.atlas; sourceTree = "<group>"; };
		52C9C9831F4ECF8400F5F87A /* spineboy.png */ = {isa = PBXFileReference; lastKnownFileType = image.png; path = spineboy.png; sourceTree = "<group>"; };
		52C9C9841F4ECF8400F5F87A /* spineboy.skel */ = {isa = PBXFileReference; lastKnownFileType = file; path = spineboy.skel; sourceTree = "<group>"; };
		52C9C98B1F4ED4CF00F5F87A /* Array.c */ = {isa = PBXFileReference; fileEncoding = 4; lastKnownFileType = sourcecode.c.c; name = Array.c; path = "external/spine-runtimes/spine-c/spine-c/src/spine/Array.c"; sourceTree = SOURCE_ROOT; };
		52C9C98C1F4ED4CF00F5F87A /* ClippingAttachment.c */ = {isa = PBXFileReference; fileEncoding = 4; lastKnownFileType = sourcecode.c.c; name = ClippingAttachment.c; path = "external/spine-runtimes/spine-c/spine-c/src/spine/ClippingAttachment.c"; sourceTree = SOURCE_ROOT; };
		52C9C98D1F4ED4CF00F5F87A /* Color.c */ = {isa = PBXFileReference; fileEncoding = 4; lastKnownFileType = sourcecode.c.c; name = Color.c; path = "external/spine-runtimes/spine-c/spine-c/src/spine/Color.c"; sourceTree = SOURCE_ROOT; };
		52C9C98E1F4ED4CF00F5F87A /* PointAttachment.c */ = {isa = PBXFileReference; fileEncoding = 4; lastKnownFileType = sourcecode.c.c; name = PointAttachment.c; path = "external/spine-runtimes/spine-c/spine-c/src/spine/PointAttachment.c"; sourceTree = SOURCE_ROOT; };
		52C9C98F1F4ED4CF00F5F87A /* SkeletonClipping.c */ = {isa = PBXFileReference; fileEncoding = 4; lastKnownFileType = sourcecode.c.c; name = SkeletonClipping.c; path = "external/spine-runtimes/spine-c/spine-c/src/spine/SkeletonClipping.c"; sourceTree = SOURCE_ROOT; };
		52C9C9901F4ED4CF00F5F87A /* Triangulator.c */ = {isa = PBXFileReference; fileEncoding = 4; lastKnownFileType = sourcecode.c.c; name = Triangulator.c; path = "external/spine-runtimes/spine-c/spine-c/src/spine/Triangulator.c"; sourceTree = SOURCE_ROOT; };
		52C9C9911F4ED4CF00F5F87A /* VertexEffect.c */ = {isa = PBXFileReference; fileEncoding = 4; lastKnownFileType = sourcecode.c.c; name = VertexEffect.c; path = "external/spine-runtimes/spine-c/spine-c/src/spine/VertexEffect.c"; sourceTree = SOURCE_ROOT; };
/* End PBXFileReference section */

/* Begin PBXFrameworksBuildPhase section */
		303B76101C34CFE300FEDE92 /* Frameworks */ = {
			isa = PBXFrameworksBuildPhase;
			buildActionMask = 2147483647;
			files = (
				30224CE51D7241A90067DE35 /* libouzel_ios.a in Frameworks */,
				30775BD01D5BEAD200394C9C /* AVFoundation.framework in Frameworks */,
				30419E4B1D1A1A8E00A63759 /* AudioToolbox.framework in Frameworks */,
				30419E471D1A1A7500A63759 /* CoreAudio.framework in Frameworks */,
				30575AEA1C3C99010009C8A7 /* GameController.framework in Frameworks */,
				303B76291C34D15300FEDE92 /* Foundation.framework in Frameworks */,
				303B76231C34D0A900FEDE92 /* OpenGLES.framework in Frameworks */,
				303B76C81C35695900FEDE92 /* QuartzCore.framework in Frameworks */,
				303B76281C34D11500FEDE92 /* UIKit.framework in Frameworks */,
				30AFE15E1CB6BD6500478AA2 /* Metal.framework in Frameworks */,
				30419E921D2038D400A63759 /* OpenAL.framework in Frameworks */,
			);
			runOnlyForDeploymentPostprocessing = 0;
		};
		303B768F1C355AA400FEDE92 /* Frameworks */ = {
			isa = PBXFrameworksBuildPhase;
			buildActionMask = 2147483647;
			files = (
				30224CE41D7241A50067DE35 /* libouzel_tvos.a in Frameworks */,
				30775BD51D5BEAF200394C9C /* AVFoundation.framework in Frameworks */,
				30419E4D1D1A1A9600A63759 /* AudioToolbox.framework in Frameworks */,
				30419E491D1A1A7F00A63759 /* CoreAudio.framework in Frameworks */,
				303B76A81C355AFA00FEDE92 /* Foundation.framework in Frameworks */,
				30575AEC1C3C990B0009C8A7 /* GameController.framework in Frameworks */,
				303B76A61C355AE900FEDE92 /* OpenGLES.framework in Frameworks */,
				303B76CA1C35696200FEDE92 /* QuartzCore.framework in Frameworks */,
				303B76A41C355ADC00FEDE92 /* UIKit.framework in Frameworks */,
				30AFE1621CB6BD7000478AA2 /* Metal.framework in Frameworks */,
				30419E941D2038DB00A63759 /* OpenAL.framework in Frameworks */,
			);
			runOnlyForDeploymentPostprocessing = 0;
		};
		304A8E071C237B95008B1151 /* Frameworks */ = {
			isa = PBXFrameworksBuildPhase;
			buildActionMask = 2147483647;
			files = (
				308265D61F291195009417DD /* GameController.framework in Frameworks */,
				308265D51F291178009417DD /* CoreAudio.framework in Frameworks */,
				308265CF1F291167009417DD /* AudioUnit.framework in Frameworks */,
				30DD17111EAD6C31004CAD77 /* QuartzCore.framework in Frameworks */,
				30DD170F1EAD6BE6004CAD77 /* IOKit.framework in Frameworks */,
				30224CE61D7241AD0067DE35 /* libouzel_macos.a in Frameworks */,
				305F6DBB1C66C50000B76A03 /* CoreVideo.framework in Frameworks */,
				303B74F31C27F6EB00FEDE92 /* Cocoa.framework in Frameworks */,
				303B74EE1C27F6A100FEDE92 /* OpenGL.framework in Frameworks */,
				30AFE15A1CB6BD5900478AA2 /* Metal.framework in Frameworks */,
				30419E901D2038CD00A63759 /* OpenAL.framework in Frameworks */,
			);
			runOnlyForDeploymentPostprocessing = 0;
		};
/* End PBXFrameworksBuildPhase section */

/* Begin PBXGroup section */
		30224CD91D7240D50067DE35 /* Products */ = {
			isa = PBXGroup;
			children = (
				30224CE11D7240D50067DE35 /* libouzel_ios.a */,
				30224CDF1D7240D50067DE35 /* libouzel_macos.a */,
				30224CE31D7240D50067DE35 /* libouzel_tvos.a */,
			);
			name = Products;
			sourceTree = "<group>";
		};
		30324DA71CAFB84500601A64 /* src */ = {
			isa = PBXGroup;
			children = (
				30324DAE1CAFB8CA00601A64 /* SpineDrawable.cpp */,
				30324DAF1CAFB8CA00601A64 /* SpineDrawable.hpp */,
				304A8EA81C27429A008B1151 /* SpineSample.cpp */,
				304A8EA91C27429A008B1151 /* SpineSample.hpp */,
				303B75181C29EB8400FEDE92 /* main.cpp */,
			);
			path = src;
			sourceTree = "<group>";
		};
		303B74EF1C27F6B000FEDE92 /* Frameworks */ = {
			isa = PBXGroup;
			children = (
				308265D31F29116F009417DD /* AudioToolbox.framework */,
				308265CE1F291167009417DD /* AudioUnit.framework */,
				30DD17101EAD6C31004CAD77 /* QuartzCore.framework */,
				30DD170E1EAD6BE6004CAD77 /* IOKit.framework */,
				30775BD41D5BEAF200394C9C /* AVFoundation.framework */,
				30775BCF1D5BEAD200394C9C /* AVFoundation.framework */,
				30419E931D2038DB00A63759 /* OpenAL.framework */,
				30419E911D2038D400A63759 /* OpenAL.framework */,
				30419E8F1D2038CD00A63759 /* OpenAL.framework */,
				30419E4C1D1A1A9600A63759 /* AudioToolbox.framework */,
				30419E4A1D1A1A8E00A63759 /* AudioToolbox.framework */,
				30419E481D1A1A7F00A63759 /* CoreAudio.framework */,
				30419E461D1A1A7500A63759 /* CoreAudio.framework */,
				30419E411D1A1A6A00A63759 /* CoreAudio.framework */,
				30AFE1601CB6BD7000478AA2 /* Metal.framework */,
				30AFE1611CB6BD7000478AA2 /* MetalKit.framework */,
				30AFE15C1CB6BD6500478AA2 /* Metal.framework */,
				30AFE15D1CB6BD6500478AA2 /* MetalKit.framework */,
				30AFE1581CB6BD5900478AA2 /* Metal.framework */,
				30AFE1591CB6BD5900478AA2 /* MetalKit.framework */,
				305F6DBA1C66C50000B76A03 /* CoreVideo.framework */,
				30575AEB1C3C990B0009C8A7 /* GameController.framework */,
				30575AE91C3C99010009C8A7 /* GameController.framework */,
				30575AE71C3C98F50009C8A7 /* GameController.framework */,
				303B76C91C35696200FEDE92 /* QuartzCore.framework */,
				303B76C71C35695900FEDE92 /* QuartzCore.framework */,
				303B76A71C355AF900FEDE92 /* Foundation.framework */,
				303B76A51C355AE900FEDE92 /* OpenGLES.framework */,
				303B76A31C355ADC00FEDE92 /* UIKit.framework */,
				303B76271C34D11400FEDE92 /* UIKit.framework */,
				303B76251C34D10200FEDE92 /* Foundation.framework */,
				303B76221C34D0A900FEDE92 /* OpenGLES.framework */,
				303B74F21C27F6EB00FEDE92 /* Cocoa.framework */,
				303B74F01C27F6DD00FEDE92 /* AppKit.framework */,
				303B74ED1C27F6A100FEDE92 /* OpenGL.framework */,
			);
			name = Frameworks;
			path = ..;
			sourceTree = "<group>";
		};
		303B762A1C34D21100FEDE92 /* ios */ = {
			isa = PBXGroup;
			children = (
				3036479F1C414EF50024DB5B /* Assets.xcassets */,
				303B762B1C34D22700FEDE92 /* Info.plist */,
			);
			path = ios;
			sourceTree = "<group>";
		};
		304A8E011C237B95008B1151 = {
			isa = PBXGroup;
			children = (
				303B74EF1C27F6B000FEDE92 /* Frameworks */,
				303B762A1C34D21100FEDE92 /* ios */,
				304A8EA41C274113008B1151 /* osx */,
				30C56CBB1CACA70E007AEF8F /* ouzel.xcodeproj */,
				304A8E0B1C237B95008B1151 /* Products */,
				304A8EB21C2765C4008B1151 /* Resources */,
				30C56CCA1CACA973007AEF8F /* spine */,
				30324DA71CAFB84500601A64 /* src */,
				30575A951C38C8ED0009C8A7 /* tvos */,
			);
			sourceTree = "<group>";
		};
		304A8E0B1C237B95008B1151 /* Products */ = {
			isa = PBXGroup;
			children = (
				304A8E0A1C237B95008B1151 /* ouzel_spine_osx.app */,
				303B76201C34CFE300FEDE92 /* ouzel_spine_osx.app */,
				303B76A01C355AA400FEDE92 /* ouzel_spine_osx.app */,
			);
			name = Products;
			sourceTree = "<group>";
		};
		304A8EA41C274113008B1151 /* osx */ = {
			isa = PBXGroup;
			children = (
				304A8E161C237B96008B1151 /* Assets.xcassets */,
				304A8E1B1C237B96008B1151 /* Info.plist */,
			);
			path = osx;
			sourceTree = "<group>";
		};
		304A8EB21C2765C4008B1151 /* Resources */ = {
			isa = PBXGroup;
			children = (
				52C9C9821F4ECF8400F5F87A /* spineboy.atlas */,
				52C9C9831F4ECF8400F5F87A /* spineboy.png */,
				52C9C9841F4ECF8400F5F87A /* spineboy.skel */,
				3011E1CE1F008BBE00CB1DDC /* settings.ini */,
			);
			path = Resources;
			sourceTree = "<group>";
		};
		30575A951C38C8ED0009C8A7 /* tvos */ = {
			isa = PBXGroup;
			children = (
				303647A01C414F120024DB5B /* Assets.xcassets */,
				30575A961C38C90F0009C8A7 /* Info.plist */,
			);
			path = tvos;
			sourceTree = "<group>";
		};
		30C56CCA1CACA973007AEF8F /* spine */ = {
			isa = PBXGroup;
			children = (
				30FC86561DF3C1D2003E051B /* Animation.c */,
				30FC86571DF3C1D2003E051B /* AnimationState.c */,
				30FC86581DF3C1D2003E051B /* AnimationStateData.c */,
				52C9C98B1F4ED4CF00F5F87A /* Array.c */,
				30FC86591DF3C1D2003E051B /* Atlas.c */,
				30FC865A1DF3C1D2003E051B /* AtlasAttachmentLoader.c */,
				30FC865B1DF3C1D2003E051B /* Attachment.c */,
				30FC865C1DF3C1D2003E051B /* AttachmentLoader.c */,
				30FC865D1DF3C1D2003E051B /* Bone.c */,
				30FC865E1DF3C1D2003E051B /* BoneData.c */,
				30FC865F1DF3C1D2003E051B /* BoundingBoxAttachment.c */,
				52C9C98C1F4ED4CF00F5F87A /* ClippingAttachment.c */,
				52C9C98D1F4ED4CF00F5F87A /* Color.c */,
				30FC86601DF3C1D2003E051B /* Event.c */,
				30FC86611DF3C1D2003E051B /* EventData.c */,
				30FC86621DF3C1D2003E051B /* extension.c */,
				30FC86631DF3C1D2003E051B /* IkConstraint.c */,
				30FC86641DF3C1D2003E051B /* IkConstraintData.c */,
				30FC86651DF3C1D2003E051B /* Json.c */,
				30FC86661DF3C1D2003E051B /* Json.h */,
				30FC86671DF3C1D2003E051B /* kvec.h */,
				30FC86681DF3C1D2003E051B /* MeshAttachment.c */,
				30FC86691DF3C1D2003E051B /* PathAttachment.c */,
				30FC866A1DF3C1D2003E051B /* PathConstraint.c */,
				30FC866B1DF3C1D2003E051B /* PathConstraintData.c */,
				52C9C98E1F4ED4CF00F5F87A /* PointAttachment.c */,
				30FC866C1DF3C1D2003E051B /* RegionAttachment.c */,
				30FC866D1DF3C1D2003E051B /* Skeleton.c */,
				30FC866E1DF3C1D2003E051B /* SkeletonBinary.c */,
				30FC866F1DF3C1D2003E051B /* SkeletonBounds.c */,
				52C9C98F1F4ED4CF00F5F87A /* SkeletonClipping.c */,
				30FC86701DF3C1D2003E051B /* SkeletonData.c */,
				30FC86711DF3C1D2003E051B /* SkeletonJson.c */,
				30FC86721DF3C1D2003E051B /* Skin.c */,
				30FC86731DF3C1D2003E051B /* Slot.c */,
				30FC86741DF3C1D2003E051B /* SlotData.c */,
				30FC86751DF3C1D2003E051B /* TransformConstraint.c */,
				30FC86761DF3C1D2003E051B /* TransformConstraintData.c */,
				52C9C9901F4ED4CF00F5F87A /* Triangulator.c */,
				30FC86771DF3C1D2003E051B /* VertexAttachment.c */,
				52C9C9911F4ED4CF00F5F87A /* VertexEffect.c */,
			);
			name = spine;
			path = "external/spine-runtimes/spine-c/src/spine";
			sourceTree = "<group>";
		};
/* End PBXGroup section */

/* Begin PBXNativeTarget section */
		303B760C1C34CFE300FEDE92 /* ouzel_spine_ios */ = {
			isa = PBXNativeTarget;
			buildConfigurationList = 303B761D1C34CFE300FEDE92 /* Build configuration list for PBXNativeTarget "ouzel_spine_ios" */;
			buildPhases = (
				303B760D1C34CFE300FEDE92 /* Sources */,
				303B76101C34CFE300FEDE92 /* Frameworks */,
				303B76141C34CFE300FEDE92 /* Resources */,
			);
			buildRules = (
			);
			dependencies = (
			);
			name = ouzel_spine_ios;
			productName = blackbird;
			productReference = 303B76201C34CFE300FEDE92 /* ouzel_spine_osx.app */;
			productType = "com.apple.product-type.application";
		};
		303B768B1C355AA400FEDE92 /* ouzel_spine_tvos */ = {
			isa = PBXNativeTarget;
			buildConfigurationList = 303B769D1C355AA400FEDE92 /* Build configuration list for PBXNativeTarget "ouzel_spine_tvos" */;
			buildPhases = (
				303B768C1C355AA400FEDE92 /* Sources */,
				303B768F1C355AA400FEDE92 /* Frameworks */,
				303B76941C355AA400FEDE92 /* Resources */,
			);
			buildRules = (
			);
			dependencies = (
			);
			name = ouzel_spine_tvos;
			productName = blackbird;
			productReference = 303B76A01C355AA400FEDE92 /* ouzel_spine_osx.app */;
			productType = "com.apple.product-type.application";
		};
		304A8E091C237B95008B1151 /* ouzel_spine_osx */ = {
			isa = PBXNativeTarget;
			buildConfigurationList = 304A8E1E1C237B96008B1151 /* Build configuration list for PBXNativeTarget "ouzel_spine_osx" */;
			buildPhases = (
				304A8E061C237B95008B1151 /* Sources */,
				304A8E071C237B95008B1151 /* Frameworks */,
				304A8E081C237B95008B1151 /* Resources */,
			);
			buildRules = (
			);
			dependencies = (
			);
			name = ouzel_spine_osx;
			productName = blackbird;
			productReference = 304A8E0A1C237B95008B1151 /* ouzel_spine_osx.app */;
			productType = "com.apple.product-type.application";
		};
/* End PBXNativeTarget section */

/* Begin PBXProject section */
		304A8E021C237B95008B1151 /* Project object */ = {
			isa = PBXProject;
			attributes = {
				LastUpgradeCheck = 0800;
				ORGANIZATIONNAME = "Bool Games";
				TargetAttributes = {
					303B760C1C34CFE300FEDE92 = {
						DevelopmentTeam = XHH29823R9;
					};
					304A8E091C237B95008B1151 = {
						CreatedOnToolsVersion = 7.2;
					};
				};
			};
			buildConfigurationList = 304A8E051C237B95008B1151 /* Build configuration list for PBXProject "ouzel_spine" */;
			compatibilityVersion = "Xcode 3.2";
			developmentRegion = English;
			hasScannedForEncodings = 0;
			knownRegions = (
				en,
				Base,
			);
			mainGroup = 304A8E011C237B95008B1151;
			productRefGroup = 304A8E0B1C237B95008B1151 /* Products */;
			projectDirPath = "";
			projectReferences = (
				{
					ProductGroup = 30224CD91D7240D50067DE35 /* Products */;
					ProjectRef = 30C56CBB1CACA70E007AEF8F /* ouzel.xcodeproj */;
				},
			);
			projectRoot = "";
			targets = (
				304A8E091C237B95008B1151 /* ouzel_spine_osx */,
				303B760C1C34CFE300FEDE92 /* ouzel_spine_ios */,
				303B768B1C355AA400FEDE92 /* ouzel_spine_tvos */,
			);
		};
/* End PBXProject section */

/* Begin PBXReferenceProxy section */
		30224CDF1D7240D50067DE35 /* libouzel_macos.a */ = {
			isa = PBXReferenceProxy;
			fileType = archive.ar;
			path = libouzel_macos.a;
			remoteRef = 30224CDE1D7240D50067DE35 /* PBXContainerItemProxy */;
			sourceTree = BUILT_PRODUCTS_DIR;
		};
		30224CE11D7240D50067DE35 /* libouzel_ios.a */ = {
			isa = PBXReferenceProxy;
			fileType = archive.ar;
			path = libouzel_ios.a;
			remoteRef = 30224CE01D7240D50067DE35 /* PBXContainerItemProxy */;
			sourceTree = BUILT_PRODUCTS_DIR;
		};
		30224CE31D7240D50067DE35 /* libouzel_tvos.a */ = {
			isa = PBXReferenceProxy;
			fileType = archive.ar;
			path = libouzel_tvos.a;
			remoteRef = 30224CE21D7240D50067DE35 /* PBXContainerItemProxy */;
			sourceTree = BUILT_PRODUCTS_DIR;
		};
/* End PBXReferenceProxy section */

/* Begin PBXResourcesBuildPhase section */
		303B76141C34CFE300FEDE92 /* Resources */ = {
			isa = PBXResourcesBuildPhase;
			buildActionMask = 2147483647;
			files = (
				52C9C98A1F4ECF8400F5F87A /* spineboy.skel in Resources */,
				52C9C9881F4ECF8400F5F87A /* spineboy.png in Resources */,
				52C9C9861F4ECF8400F5F87A /* spineboy.atlas in Resources */,
				303647A11C418E4C0024DB5B /* Assets.xcassets in Resources */,
				3011E1D01F008BBE00CB1DDC /* settings.ini in Resources */,
			);
			runOnlyForDeploymentPostprocessing = 0;
		};
		303B76941C355AA400FEDE92 /* Resources */ = {
			isa = PBXResourcesBuildPhase;
			buildActionMask = 2147483647;
			files = (
				303647A31C418E7C0024DB5B /* Assets.xcassets in Resources */,
				3011E1D11F008BBE00CB1DDC /* settings.ini in Resources */,
			);
			runOnlyForDeploymentPostprocessing = 0;
		};
		304A8E081C237B95008B1151 /* Resources */ = {
			isa = PBXResourcesBuildPhase;
			buildActionMask = 2147483647;
			files = (
				52C9C9891F4ECF8400F5F87A /* spineboy.skel in Resources */,
				52C9C9871F4ECF8400F5F87A /* spineboy.png in Resources */,
				52C9C9851F4ECF8400F5F87A /* spineboy.atlas in Resources */,
				303647A21C418E790024DB5B /* Assets.xcassets in Resources */,
				3011E1CF1F008BBE00CB1DDC /* settings.ini in Resources */,
			);
			runOnlyForDeploymentPostprocessing = 0;
		};
/* End PBXResourcesBuildPhase section */

/* Begin PBXSourcesBuildPhase section */
		303B760D1C34CFE300FEDE92 /* Sources */ = {
			isa = PBXSourcesBuildPhase;
			buildActionMask = 2147483647;
			files = (
				30FC86B21DF3C1D2003E051B /* PathConstraintData.c in Sources */,
				30FC86821DF3C1D2003E051B /* Atlas.c in Sources */,
				30FC86881DF3C1D2003E051B /* Attachment.c in Sources */,
				52C9C9931F4ED4CF00F5F87A /* Array.c in Sources */,
				30FC86D31DF3C1D2003E051B /* TransformConstraintData.c in Sources */,
				30FC867F1DF3C1D2003E051B /* AnimationStateData.c in Sources */,
				52C9C99D1F4ED4CF00F5F87A /* Triangulator.c in Sources */,
				30FC86C11DF3C1D2003E051B /* SkeletonData.c in Sources */,
				30FC86CA1DF3C1D2003E051B /* Slot.c in Sources */,
				30FC867C1DF3C1D2003E051B /* AnimationState.c in Sources */,
				30FC86BB1DF3C1D2003E051B /* SkeletonBinary.c in Sources */,
				30FC86A31DF3C1D2003E051B /* IkConstraintData.c in Sources */,
				30FC86BE1DF3C1D2003E051B /* SkeletonBounds.c in Sources */,
				30FC869A1DF3C1D2003E051B /* EventData.c in Sources */,
				30FC86B81DF3C1D2003E051B /* Skeleton.c in Sources */,
				30FC86851DF3C1D2003E051B /* AtlasAttachmentLoader.c in Sources */,
				30FC868B1DF3C1D2003E051B /* AttachmentLoader.c in Sources */,
				30FC86A91DF3C1D2003E051B /* MeshAttachment.c in Sources */,
				30FC86911DF3C1D2003E051B /* BoneData.c in Sources */,
				30FC86941DF3C1D2003E051B /* BoundingBoxAttachment.c in Sources */,
				30FC86C71DF3C1D2003E051B /* Skin.c in Sources */,
				30FC868E1DF3C1D2003E051B /* Bone.c in Sources */,
				52C9C9951F4ED4CF00F5F87A /* ClippingAttachment.c in Sources */,
				30FC869D1DF3C1D2003E051B /* extension.c in Sources */,
				52C9C9971F4ED4CF00F5F87A /* Color.c in Sources */,
				303B760E1C34CFE300FEDE92 /* SpineSample.cpp in Sources */,
				30FC86AF1DF3C1D2003E051B /* PathConstraint.c in Sources */,
				30FC86971DF3C1D2003E051B /* Event.c in Sources */,
				52C9C99F1F4ED4CF00F5F87A /* VertexEffect.c in Sources */,
				30FC86A01DF3C1D2003E051B /* IkConstraint.c in Sources */,
				30FC86AC1DF3C1D2003E051B /* PathAttachment.c in Sources */,
				30FC86B51DF3C1D2003E051B /* RegionAttachment.c in Sources */,
				303B760F1C34CFE300FEDE92 /* main.cpp in Sources */,
				30FC86D01DF3C1D2003E051B /* TransformConstraint.c in Sources */,
				30FC86CD1DF3C1D2003E051B /* SlotData.c in Sources */,
				30FC86C41DF3C1D2003E051B /* SkeletonJson.c in Sources */,
				52C9C9991F4ED4CF00F5F87A /* PointAttachment.c in Sources */,
				30FC86791DF3C1D2003E051B /* Animation.c in Sources */,
				30FC86A61DF3C1D2003E051B /* Json.c in Sources */,
				30AFE17B1CB7064800478AA2 /* SpineDrawable.cpp in Sources */,
				52C9C99B1F4ED4CF00F5F87A /* SkeletonClipping.c in Sources */,
				30FC86D61DF3C1D2003E051B /* VertexAttachment.c in Sources */,
			);
			runOnlyForDeploymentPostprocessing = 0;
		};
		303B768C1C355AA400FEDE92 /* Sources */ = {
			isa = PBXSourcesBuildPhase;
			buildActionMask = 2147483647;
			files = (
				30FC86B31DF3C1D2003E051B /* PathConstraintData.c in Sources */,
				30FC86831DF3C1D2003E051B /* Atlas.c in Sources */,
				30FC86891DF3C1D2003E051B /* Attachment.c in Sources */,
				30FC86D41DF3C1D2003E051B /* TransformConstraintData.c in Sources */,
				30FC86801DF3C1D2003E051B /* AnimationStateData.c in Sources */,
				30FC86C21DF3C1D2003E051B /* SkeletonData.c in Sources */,
				30FC86CB1DF3C1D2003E051B /* Slot.c in Sources */,
				30FC867D1DF3C1D2003E051B /* AnimationState.c in Sources */,
				30FC86BC1DF3C1D2003E051B /* SkeletonBinary.c in Sources */,
				30FC86A41DF3C1D2003E051B /* IkConstraintData.c in Sources */,
				30FC86BF1DF3C1D2003E051B /* SkeletonBounds.c in Sources */,
				30FC869B1DF3C1D2003E051B /* EventData.c in Sources */,
				30FC86B91DF3C1D2003E051B /* Skeleton.c in Sources */,
				30FC86861DF3C1D2003E051B /* AtlasAttachmentLoader.c in Sources */,
				30FC868C1DF3C1D2003E051B /* AttachmentLoader.c in Sources */,
				30FC86AA1DF3C1D2003E051B /* MeshAttachment.c in Sources */,
				30FC86921DF3C1D2003E051B /* BoneData.c in Sources */,
				30FC86951DF3C1D2003E051B /* BoundingBoxAttachment.c in Sources */,
				30FC86C81DF3C1D2003E051B /* Skin.c in Sources */,
				30FC868F1DF3C1D2003E051B /* Bone.c in Sources */,
				30FC869E1DF3C1D2003E051B /* extension.c in Sources */,
				303B768D1C355AA400FEDE92 /* SpineSample.cpp in Sources */,
				30FC86B01DF3C1D2003E051B /* PathConstraint.c in Sources */,
				30FC86981DF3C1D2003E051B /* Event.c in Sources */,
				30FC86A11DF3C1D2003E051B /* IkConstraint.c in Sources */,
				30FC86AD1DF3C1D2003E051B /* PathAttachment.c in Sources */,
				30FC86B61DF3C1D2003E051B /* RegionAttachment.c in Sources */,
				303B768E1C355AA400FEDE92 /* main.cpp in Sources */,
				30FC86D11DF3C1D2003E051B /* TransformConstraint.c in Sources */,
				30FC86CE1DF3C1D2003E051B /* SlotData.c in Sources */,
				30FC86C51DF3C1D2003E051B /* SkeletonJson.c in Sources */,
				30FC867A1DF3C1D2003E051B /* Animation.c in Sources */,
				30FC86A71DF3C1D2003E051B /* Json.c in Sources */,
				30AFE17C1CB7064800478AA2 /* SpineDrawable.cpp in Sources */,
				30FC86D71DF3C1D2003E051B /* VertexAttachment.c in Sources */,
			);
			runOnlyForDeploymentPostprocessing = 0;
		};
		304A8E061C237B95008B1151 /* Sources */ = {
			isa = PBXSourcesBuildPhase;
			buildActionMask = 2147483647;
			files = (
				30FC86B11DF3C1D2003E051B /* PathConstraintData.c in Sources */,
				30FC86811DF3C1D2003E051B /* Atlas.c in Sources */,
				30FC86871DF3C1D2003E051B /* Attachment.c in Sources */,
				52C9C9921F4ED4CF00F5F87A /* Array.c in Sources */,
				30FC86D21DF3C1D2003E051B /* TransformConstraintData.c in Sources */,
				30FC867E1DF3C1D2003E051B /* AnimationStateData.c in Sources */,
				52C9C99C1F4ED4CF00F5F87A /* Triangulator.c in Sources */,
				30FC86C01DF3C1D2003E051B /* SkeletonData.c in Sources */,
				30FC86C91DF3C1D2003E051B /* Slot.c in Sources */,
				30FC867B1DF3C1D2003E051B /* AnimationState.c in Sources */,
				30FC86BA1DF3C1D2003E051B /* SkeletonBinary.c in Sources */,
				30FC86A21DF3C1D2003E051B /* IkConstraintData.c in Sources */,
				30FC86BD1DF3C1D2003E051B /* SkeletonBounds.c in Sources */,
				30FC86991DF3C1D2003E051B /* EventData.c in Sources */,
				30FC86B71DF3C1D2003E051B /* Skeleton.c in Sources */,
				30FC86841DF3C1D2003E051B /* AtlasAttachmentLoader.c in Sources */,
				30FC868A1DF3C1D2003E051B /* AttachmentLoader.c in Sources */,
				30FC86A81DF3C1D2003E051B /* MeshAttachment.c in Sources */,
				30FC86901DF3C1D2003E051B /* BoneData.c in Sources */,
				30FC86931DF3C1D2003E051B /* BoundingBoxAttachment.c in Sources */,
				30FC86C61DF3C1D2003E051B /* Skin.c in Sources */,
				30FC868D1DF3C1D2003E051B /* Bone.c in Sources */,
				52C9C9941F4ED4CF00F5F87A /* ClippingAttachment.c in Sources */,
				30FC869C1DF3C1D2003E051B /* extension.c in Sources */,
				52C9C9961F4ED4CF00F5F87A /* Color.c in Sources */,
				304A8EAA1C27429A008B1151 /* SpineSample.cpp in Sources */,
				30FC86AE1DF3C1D2003E051B /* PathConstraint.c in Sources */,
				30FC86961DF3C1D2003E051B /* Event.c in Sources */,
				52C9C99E1F4ED4CF00F5F87A /* VertexEffect.c in Sources */,
				30FC869F1DF3C1D2003E051B /* IkConstraint.c in Sources */,
				30FC86AB1DF3C1D2003E051B /* PathAttachment.c in Sources */,
				30FC86B41DF3C1D2003E051B /* RegionAttachment.c in Sources */,
				303B751A1C29ED4200FEDE92 /* main.cpp in Sources */,
				30FC86CF1DF3C1D2003E051B /* TransformConstraint.c in Sources */,
				30FC86CC1DF3C1D2003E051B /* SlotData.c in Sources */,
				30FC86C31DF3C1D2003E051B /* SkeletonJson.c in Sources */,
				52C9C9981F4ED4CF00F5F87A /* PointAttachment.c in Sources */,
				30FC86781DF3C1D2003E051B /* Animation.c in Sources */,
				30FC86A51DF3C1D2003E051B /* Json.c in Sources */,
				30AFE1771CB7064700478AA2 /* SpineDrawable.cpp in Sources */,
				52C9C99A1F4ED4CF00F5F87A /* SkeletonClipping.c in Sources */,
				30FC86D51DF3C1D2003E051B /* VertexAttachment.c in Sources */,
			);
			runOnlyForDeploymentPostprocessing = 0;
		};
/* End PBXSourcesBuildPhase section */

/* Begin XCBuildConfiguration section */
		303B761E1C34CFE300FEDE92 /* Debug */ = {
			isa = XCBuildConfiguration;
			buildSettings = {
				ASSETCATALOG_COMPILER_APPICON_NAME = AppIcon;
				CODE_SIGN_IDENTITY = "iPhone Developer";
				"CODE_SIGN_IDENTITY[sdk=iphoneos*]" = "iPhone Developer";
				COMBINE_HIDPI_IMAGES = YES;
				COMPRESS_PNG_FILES = NO;
				INFOPLIST_FILE = ios/Info.plist;
				LD_RUNPATH_SEARCH_PATHS = "$(inherited) @executable_path/../Frameworks";
				PRODUCT_BUNDLE_IDENTIFIER = com.boolgames.ouzel;
				PRODUCT_NAME = ouzel_spine_osx;
				PROVISIONING_PROFILE = "";
				SDKROOT = iphoneos;
				STRIP_PNG_TEXT = NO;
				TARGETED_DEVICE_FAMILY = "1,2";
			};
			name = Debug;
		};
		303B761F1C34CFE300FEDE92 /* Release */ = {
			isa = XCBuildConfiguration;
			buildSettings = {
				ASSETCATALOG_COMPILER_APPICON_NAME = AppIcon;
				CODE_SIGN_IDENTITY = "iPhone Developer";
				"CODE_SIGN_IDENTITY[sdk=iphoneos*]" = "iPhone Developer";
				COMBINE_HIDPI_IMAGES = YES;
				COMPRESS_PNG_FILES = NO;
				INFOPLIST_FILE = ios/Info.plist;
				LD_RUNPATH_SEARCH_PATHS = "$(inherited) @executable_path/../Frameworks";
				PRODUCT_BUNDLE_IDENTIFIER = com.boolgames.ouzel;
				PRODUCT_NAME = ouzel_spine_osx;
				PROVISIONING_PROFILE = "";
				SDKROOT = iphoneos;
				STRIP_PNG_TEXT = NO;
				TARGETED_DEVICE_FAMILY = "1,2";
			};
			name = Release;
		};
		303B769E1C355AA400FEDE92 /* Debug */ = {
			isa = XCBuildConfiguration;
			buildSettings = {
				ASSETCATALOG_COMPILER_APPICON_NAME = "Brand Assets";
				CODE_SIGN_IDENTITY = "iPhone Developer";
				"CODE_SIGN_IDENTITY[sdk=iphoneos*]" = "iPhone Developer";
				COMBINE_HIDPI_IMAGES = YES;
				COMPRESS_PNG_FILES = NO;
				INFOPLIST_FILE = tvos/Info.plist;
				LD_RUNPATH_SEARCH_PATHS = "$(inherited) @executable_path/../Frameworks";
				PRODUCT_BUNDLE_IDENTIFIER = com.boolgames.ouzel;
				PRODUCT_NAME = ouzel_spine_osx;
				PROVISIONING_PROFILE = "";
				SDKROOT = appletvos;
				STRIP_PNG_TEXT = NO;
			};
			name = Debug;
		};
		303B769F1C355AA400FEDE92 /* Release */ = {
			isa = XCBuildConfiguration;
			buildSettings = {
				ASSETCATALOG_COMPILER_APPICON_NAME = "Brand Assets";
				CODE_SIGN_IDENTITY = "iPhone Developer";
				"CODE_SIGN_IDENTITY[sdk=iphoneos*]" = "iPhone Developer";
				COMBINE_HIDPI_IMAGES = YES;
				COMPRESS_PNG_FILES = NO;
				INFOPLIST_FILE = tvos/Info.plist;
				LD_RUNPATH_SEARCH_PATHS = "$(inherited) @executable_path/../Frameworks";
				PRODUCT_BUNDLE_IDENTIFIER = com.boolgames.ouzel;
				PRODUCT_NAME = ouzel_spine_osx;
				PROVISIONING_PROFILE = "";
				SDKROOT = appletvos;
				STRIP_PNG_TEXT = NO;
			};
			name = Release;
		};
		304A8E1C1C237B96008B1151 /* Debug */ = {
			isa = XCBuildConfiguration;
			buildSettings = {
				ALWAYS_SEARCH_USER_PATHS = NO;
				CLANG_CXX_LANGUAGE_STANDARD = "c++0x";
				CLANG_CXX_LIBRARY = "libc++";
				CLANG_ENABLE_OBJC_ARC = YES;
				CLANG_WARN_ASSIGN_ENUM = YES;
				CLANG_WARN_BOOL_CONVERSION = YES;
				CLANG_WARN_CONSTANT_CONVERSION = YES;
				CLANG_WARN_DIRECT_OBJC_ISA_USAGE = YES_ERROR;
				CLANG_WARN_EMPTY_BODY = YES;
				CLANG_WARN_ENUM_CONVERSION = YES;
				CLANG_WARN_IMPLICIT_SIGN_CONVERSION = YES;
				CLANG_WARN_INFINITE_RECURSION = YES;
				CLANG_WARN_INT_CONVERSION = YES;
				CLANG_WARN_NULLABLE_TO_NONNULL_CONVERSION = YES;
				CLANG_WARN_OBJC_ROOT_CLASS = YES_ERROR;
				CLANG_WARN_SUSPICIOUS_IMPLICIT_CONVERSION = YES;
				CLANG_WARN_SUSPICIOUS_MOVE = YES;
				CLANG_WARN_UNREACHABLE_CODE = YES;
				CLANG_WARN__DUPLICATE_METHOD_MATCH = YES;
				CODE_SIGN_IDENTITY = "-";
				COPY_PHASE_STRIP = NO;
				DEBUG_INFORMATION_FORMAT = dwarf;
				ENABLE_STRICT_OBJC_MSGSEND = YES;
				ENABLE_TESTABILITY = YES;
				GCC_DYNAMIC_NO_PIC = NO;
				GCC_NO_COMMON_BLOCKS = YES;
				GCC_OPTIMIZATION_LEVEL = 0;
				GCC_PREPROCESSOR_DEFINITIONS = (
					"DEBUG=1",
					"$(inherited)",
				);
				GCC_WARN_64_TO_32_BIT_CONVERSION = YES;
				GCC_WARN_ABOUT_MISSING_FIELD_INITIALIZERS = YES;
				GCC_WARN_ABOUT_MISSING_NEWLINE = YES;
				GCC_WARN_ABOUT_MISSING_PROTOTYPES = YES;
				GCC_WARN_ABOUT_RETURN_TYPE = YES_ERROR;
				GCC_WARN_INITIALIZER_NOT_FULLY_BRACKETED = YES;
				GCC_WARN_SHADOW = YES;
				GCC_WARN_SIGN_COMPARE = YES;
				GCC_WARN_UNDECLARED_SELECTOR = YES;
				GCC_WARN_UNINITIALIZED_AUTOS = YES_AGGRESSIVE;
				GCC_WARN_UNKNOWN_PRAGMAS = YES;
				GCC_WARN_UNUSED_FUNCTION = YES;
				GCC_WARN_UNUSED_LABEL = YES;
				GCC_WARN_UNUSED_VARIABLE = YES;
				HEADER_SEARCH_PATHS = (
					external/ouzel/ouzel,
					"external/spine-runtimes/spine-c/spine-c/include",
				);
				MACOSX_DEPLOYMENT_TARGET = 10.11;
				MTL_ENABLE_DEBUG_INFO = YES;
				ONLY_ACTIVE_ARCH = YES;
				SDKROOT = macosx;
			};
			name = Debug;
		};
		304A8E1D1C237B96008B1151 /* Release */ = {
			isa = XCBuildConfiguration;
			buildSettings = {
				ALWAYS_SEARCH_USER_PATHS = NO;
				CLANG_CXX_LANGUAGE_STANDARD = "c++0x";
				CLANG_CXX_LIBRARY = "libc++";
				CLANG_ENABLE_OBJC_ARC = YES;
				CLANG_WARN_ASSIGN_ENUM = YES;
				CLANG_WARN_BOOL_CONVERSION = YES;
				CLANG_WARN_CONSTANT_CONVERSION = YES;
				CLANG_WARN_DIRECT_OBJC_ISA_USAGE = YES_ERROR;
				CLANG_WARN_EMPTY_BODY = YES;
				CLANG_WARN_ENUM_CONVERSION = YES;
				CLANG_WARN_IMPLICIT_SIGN_CONVERSION = YES;
				CLANG_WARN_INFINITE_RECURSION = YES;
				CLANG_WARN_INT_CONVERSION = YES;
				CLANG_WARN_NULLABLE_TO_NONNULL_CONVERSION = YES;
				CLANG_WARN_OBJC_ROOT_CLASS = YES_ERROR;
				CLANG_WARN_SUSPICIOUS_IMPLICIT_CONVERSION = YES;
				CLANG_WARN_SUSPICIOUS_MOVE = YES;
				CLANG_WARN_UNREACHABLE_CODE = YES;
				CLANG_WARN__DUPLICATE_METHOD_MATCH = YES;
				CODE_SIGN_IDENTITY = "-";
				COPY_PHASE_STRIP = NO;
				DEBUG_INFORMATION_FORMAT = "dwarf-with-dsym";
				ENABLE_NS_ASSERTIONS = NO;
				ENABLE_STRICT_OBJC_MSGSEND = YES;
				GCC_NO_COMMON_BLOCKS = YES;
				GCC_WARN_64_TO_32_BIT_CONVERSION = YES;
				GCC_WARN_ABOUT_MISSING_FIELD_INITIALIZERS = YES;
				GCC_WARN_ABOUT_MISSING_NEWLINE = YES;
				GCC_WARN_ABOUT_MISSING_PROTOTYPES = YES;
				GCC_WARN_ABOUT_RETURN_TYPE = YES_ERROR;
				GCC_WARN_INITIALIZER_NOT_FULLY_BRACKETED = YES;
				GCC_WARN_SHADOW = YES;
				GCC_WARN_SIGN_COMPARE = YES;
				GCC_WARN_UNDECLARED_SELECTOR = YES;
				GCC_WARN_UNINITIALIZED_AUTOS = YES_AGGRESSIVE;
				GCC_WARN_UNKNOWN_PRAGMAS = YES;
				GCC_WARN_UNUSED_FUNCTION = YES;
				GCC_WARN_UNUSED_LABEL = YES;
				GCC_WARN_UNUSED_VARIABLE = YES;
				HEADER_SEARCH_PATHS = (
					external/ouzel/ouzel,
					"external/spine-runtimes/spine-c/spine-c/include",
				);
				MACOSX_DEPLOYMENT_TARGET = 10.11;
				MTL_ENABLE_DEBUG_INFO = NO;
				SDKROOT = macosx;
			};
			name = Release;
		};
		304A8E1F1C237B96008B1151 /* Debug */ = {
			isa = XCBuildConfiguration;
			buildSettings = {
				ASSETCATALOG_COMPILER_APPICON_NAME = AppIcon;
				COMBINE_HIDPI_IMAGES = YES;
				INFOPLIST_FILE = osx/Info.plist;
				LD_RUNPATH_SEARCH_PATHS = "$(inherited) @executable_path/../Frameworks";
				PRODUCT_BUNDLE_IDENTIFIER = com.boolgames.ouzel;
				PRODUCT_NAME = ouzel_spine_osx;
			};
			name = Debug;
		};
		304A8E201C237B96008B1151 /* Release */ = {
			isa = XCBuildConfiguration;
			buildSettings = {
				ASSETCATALOG_COMPILER_APPICON_NAME = AppIcon;
				COMBINE_HIDPI_IMAGES = YES;
				INFOPLIST_FILE = osx/Info.plist;
				LD_RUNPATH_SEARCH_PATHS = "$(inherited) @executable_path/../Frameworks";
				PRODUCT_BUNDLE_IDENTIFIER = com.boolgames.ouzel;
				PRODUCT_NAME = ouzel_spine_osx;
			};
			name = Release;
		};
/* End XCBuildConfiguration section */

/* Begin XCConfigurationList section */
		303B761D1C34CFE300FEDE92 /* Build configuration list for PBXNativeTarget "ouzel_spine_ios" */ = {
			isa = XCConfigurationList;
			buildConfigurations = (
				303B761E1C34CFE300FEDE92 /* Debug */,
				303B761F1C34CFE300FEDE92 /* Release */,
			);
			defaultConfigurationIsVisible = 0;
			defaultConfigurationName = Release;
		};
		303B769D1C355AA400FEDE92 /* Build configuration list for PBXNativeTarget "ouzel_spine_tvos" */ = {
			isa = XCConfigurationList;
			buildConfigurations = (
				303B769E1C355AA400FEDE92 /* Debug */,
				303B769F1C355AA400FEDE92 /* Release */,
			);
			defaultConfigurationIsVisible = 0;
			defaultConfigurationName = Release;
		};
		304A8E051C237B95008B1151 /* Build configuration list for PBXProject "ouzel_spine" */ = {
			isa = XCConfigurationList;
			buildConfigurations = (
				304A8E1C1C237B96008B1151 /* Debug */,
				304A8E1D1C237B96008B1151 /* Release */,
			);
			defaultConfigurationIsVisible = 0;
			defaultConfigurationName = Release;
		};
		304A8E1E1C237B96008B1151 /* Build configuration list for PBXNativeTarget "ouzel_spine_osx" */ = {
			isa = XCConfigurationList;
			buildConfigurations = (
				304A8E1F1C237B96008B1151 /* Debug */,
				304A8E201C237B96008B1151 /* Release */,
			);
			defaultConfigurationIsVisible = 0;
			defaultConfigurationName = Release;
		};
/* End XCConfigurationList section */
	};
	rootObject = 304A8E021C237B95008B1151 /* Project object */;
}
