// !$*UTF8*$!
{
	archiveVersion = 1;
	classes = {
	};
	objectVersion = 46;
	objects = {

/* Begin PBXBuildFile section */
		303647A11C418E4C0024DB5B /* Assets.xcassets in Resources */ = {isa = PBXBuildFile; fileRef = 3036479F1C414EF50024DB5B /* Assets.xcassets */; };
		303647A21C418E790024DB5B /* Assets.xcassets in Resources */ = {isa = PBXBuildFile; fileRef = 304A8E161C237B96008B1151 /* Assets.xcassets */; };
		303647A31C418E7C0024DB5B /* Assets.xcassets in Resources */ = {isa = PBXBuildFile; fileRef = 303647A01C414F120024DB5B /* Assets.xcassets */; };
		303B74EE1C27F6A100FEDE92 /* OpenGL.framework in Frameworks */ = {isa = PBXBuildFile; fileRef = 303B74ED1C27F6A100FEDE92 /* OpenGL.framework */; };
		303B74F31C27F6EB00FEDE92 /* Cocoa.framework in Frameworks */ = {isa = PBXBuildFile; fileRef = 303B74F21C27F6EB00FEDE92 /* Cocoa.framework */; };
		303B751A1C29ED4200FEDE92 /* main.cpp in Sources */ = {isa = PBXBuildFile; fileRef = 303B75181C29EB8400FEDE92 /* main.cpp */; };
		303B760E1C34CFE300FEDE92 /* Application.cpp in Sources */ = {isa = PBXBuildFile; fileRef = 304A8EA81C27429A008B1151 /* Application.cpp */; };
		303B760F1C34CFE300FEDE92 /* main.cpp in Sources */ = {isa = PBXBuildFile; fileRef = 303B75181C29EB8400FEDE92 /* main.cpp */; };
		303B76231C34D0A900FEDE92 /* OpenGLES.framework in Frameworks */ = {isa = PBXBuildFile; fileRef = 303B76221C34D0A900FEDE92 /* OpenGLES.framework */; };
		303B76281C34D11500FEDE92 /* UIKit.framework in Frameworks */ = {isa = PBXBuildFile; fileRef = 303B76271C34D11400FEDE92 /* UIKit.framework */; };
		303B76291C34D15300FEDE92 /* Foundation.framework in Frameworks */ = {isa = PBXBuildFile; fileRef = 303B76251C34D10200FEDE92 /* Foundation.framework */; };
		303B768D1C355AA400FEDE92 /* Application.cpp in Sources */ = {isa = PBXBuildFile; fileRef = 304A8EA81C27429A008B1151 /* Application.cpp */; };
		303B768E1C355AA400FEDE92 /* main.cpp in Sources */ = {isa = PBXBuildFile; fileRef = 303B75181C29EB8400FEDE92 /* main.cpp */; };
		303B76A41C355ADC00FEDE92 /* UIKit.framework in Frameworks */ = {isa = PBXBuildFile; fileRef = 303B76A31C355ADC00FEDE92 /* UIKit.framework */; };
		303B76A61C355AE900FEDE92 /* OpenGLES.framework in Frameworks */ = {isa = PBXBuildFile; fileRef = 303B76A51C355AE900FEDE92 /* OpenGLES.framework */; };
		303B76A81C355AFA00FEDE92 /* Foundation.framework in Frameworks */ = {isa = PBXBuildFile; fileRef = 303B76A71C355AF900FEDE92 /* Foundation.framework */; };
		303B76C81C35695900FEDE92 /* QuartzCore.framework in Frameworks */ = {isa = PBXBuildFile; fileRef = 303B76C71C35695900FEDE92 /* QuartzCore.framework */; };
		303B76CA1C35696200FEDE92 /* QuartzCore.framework in Frameworks */ = {isa = PBXBuildFile; fileRef = 303B76C91C35696200FEDE92 /* QuartzCore.framework */; };
		304A8EAA1C27429A008B1151 /* Application.cpp in Sources */ = {isa = PBXBuildFile; fileRef = 304A8EA81C27429A008B1151 /* Application.cpp */; };
		30575AE81C3C98F50009C8A7 /* GameController.framework in Frameworks */ = {isa = PBXBuildFile; fileRef = 30575AE71C3C98F50009C8A7 /* GameController.framework */; };
		30575AEA1C3C99010009C8A7 /* GameController.framework in Frameworks */ = {isa = PBXBuildFile; fileRef = 30575AE91C3C99010009C8A7 /* GameController.framework */; };
		30575AEC1C3C990B0009C8A7 /* GameController.framework in Frameworks */ = {isa = PBXBuildFile; fileRef = 30575AEB1C3C990B0009C8A7 /* GameController.framework */; };
		305F6DBB1C66C50000B76A03 /* CoreVideo.framework in Frameworks */ = {isa = PBXBuildFile; fileRef = 305F6DBA1C66C50000B76A03 /* CoreVideo.framework */; };
		30AFE15A1CB6BD5900478AA2 /* Metal.framework in Frameworks */ = {isa = PBXBuildFile; fileRef = 30AFE1581CB6BD5900478AA2 /* Metal.framework */; };
		30AFE15B1CB6BD5900478AA2 /* MetalKit.framework in Frameworks */ = {isa = PBXBuildFile; fileRef = 30AFE1591CB6BD5900478AA2 /* MetalKit.framework */; };
		30AFE15E1CB6BD6500478AA2 /* Metal.framework in Frameworks */ = {isa = PBXBuildFile; fileRef = 30AFE15C1CB6BD6500478AA2 /* Metal.framework */; };
		30AFE15F1CB6BD6500478AA2 /* MetalKit.framework in Frameworks */ = {isa = PBXBuildFile; fileRef = 30AFE15D1CB6BD6500478AA2 /* MetalKit.framework */; };
		30AFE1621CB6BD7000478AA2 /* Metal.framework in Frameworks */ = {isa = PBXBuildFile; fileRef = 30AFE1601CB6BD7000478AA2 /* Metal.framework */; };
		30AFE1631CB6BD7000478AA2 /* MetalKit.framework in Frameworks */ = {isa = PBXBuildFile; fileRef = 30AFE1611CB6BD7000478AA2 /* MetalKit.framework */; };
		30AFE1771CB7064700478AA2 /* spine-ouzel.cpp in Sources */ = {isa = PBXBuildFile; fileRef = 30324DAE1CAFB8CA00601A64 /* spine-ouzel.cpp */; };
		30AFE17B1CB7064800478AA2 /* spine-ouzel.cpp in Sources */ = {isa = PBXBuildFile; fileRef = 30324DAE1CAFB8CA00601A64 /* spine-ouzel.cpp */; };
		30AFE17C1CB7064800478AA2 /* spine-ouzel.cpp in Sources */ = {isa = PBXBuildFile; fileRef = 30324DAE1CAFB8CA00601A64 /* spine-ouzel.cpp */; };
		30AFE1861CB7301500478AA2 /* witch1.atlas in Resources */ = {isa = PBXBuildFile; fileRef = 30AFE1831CB7301500478AA2 /* witch1.atlas */; };
		30AFE1871CB7301500478AA2 /* witch1.atlas in Resources */ = {isa = PBXBuildFile; fileRef = 30AFE1831CB7301500478AA2 /* witch1.atlas */; };
		30AFE1881CB7301500478AA2 /* witch1.atlas in Resources */ = {isa = PBXBuildFile; fileRef = 30AFE1831CB7301500478AA2 /* witch1.atlas */; };
		30AFE1891CB7301500478AA2 /* witch1.json in Resources */ = {isa = PBXBuildFile; fileRef = 30AFE1841CB7301500478AA2 /* witch1.json */; };
		30AFE18A1CB7301500478AA2 /* witch1.json in Resources */ = {isa = PBXBuildFile; fileRef = 30AFE1841CB7301500478AA2 /* witch1.json */; };
		30AFE18B1CB7301500478AA2 /* witch1.json in Resources */ = {isa = PBXBuildFile; fileRef = 30AFE1841CB7301500478AA2 /* witch1.json */; };
		30AFE18C1CB7301500478AA2 /* witch1.png in Resources */ = {isa = PBXBuildFile; fileRef = 30AFE1851CB7301500478AA2 /* witch1.png */; };
		30AFE18D1CB7301500478AA2 /* witch1.png in Resources */ = {isa = PBXBuildFile; fileRef = 30AFE1851CB7301500478AA2 /* witch1.png */; };
		30AFE18E1CB7301500478AA2 /* witch1.png in Resources */ = {isa = PBXBuildFile; fileRef = 30AFE1851CB7301500478AA2 /* witch1.png */; };
		30C56CC71CACA732007AEF8F /* libouzel_osx.a in Frameworks */ = {isa = PBXBuildFile; fileRef = 30C56CC21CACA70E007AEF8F /* libouzel_osx.a */; };
		30C56CC81CACA736007AEF8F /* libouzel_ios.a in Frameworks */ = {isa = PBXBuildFile; fileRef = 30C56CC41CACA70E007AEF8F /* libouzel_ios.a */; };
		30C56CC91CACA73A007AEF8F /* libouzel_tvos.a in Frameworks */ = {isa = PBXBuildFile; fileRef = 30C56CC61CACA70E007AEF8F /* libouzel_tvos.a */; };
		30C56CE81CACA9A7007AEF8F /* Animation.c in Sources */ = {isa = PBXBuildFile; fileRef = 30C56CCB1CACA9A7007AEF8F /* Animation.c */; };
		30C56CE91CACA9A7007AEF8F /* Animation.c in Sources */ = {isa = PBXBuildFile; fileRef = 30C56CCB1CACA9A7007AEF8F /* Animation.c */; };
		30C56CEA1CACA9A7007AEF8F /* Animation.c in Sources */ = {isa = PBXBuildFile; fileRef = 30C56CCB1CACA9A7007AEF8F /* Animation.c */; };
		30C56CEB1CACA9A7007AEF8F /* AnimationState.c in Sources */ = {isa = PBXBuildFile; fileRef = 30C56CCC1CACA9A7007AEF8F /* AnimationState.c */; };
		30C56CEC1CACA9A7007AEF8F /* AnimationState.c in Sources */ = {isa = PBXBuildFile; fileRef = 30C56CCC1CACA9A7007AEF8F /* AnimationState.c */; };
		30C56CED1CACA9A7007AEF8F /* AnimationState.c in Sources */ = {isa = PBXBuildFile; fileRef = 30C56CCC1CACA9A7007AEF8F /* AnimationState.c */; };
		30C56CEE1CACA9A7007AEF8F /* AnimationStateData.c in Sources */ = {isa = PBXBuildFile; fileRef = 30C56CCD1CACA9A7007AEF8F /* AnimationStateData.c */; };
		30C56CEF1CACA9A7007AEF8F /* AnimationStateData.c in Sources */ = {isa = PBXBuildFile; fileRef = 30C56CCD1CACA9A7007AEF8F /* AnimationStateData.c */; };
		30C56CF01CACA9A7007AEF8F /* AnimationStateData.c in Sources */ = {isa = PBXBuildFile; fileRef = 30C56CCD1CACA9A7007AEF8F /* AnimationStateData.c */; };
		30C56CF11CACA9A7007AEF8F /* Atlas.c in Sources */ = {isa = PBXBuildFile; fileRef = 30C56CCE1CACA9A7007AEF8F /* Atlas.c */; };
		30C56CF21CACA9A7007AEF8F /* Atlas.c in Sources */ = {isa = PBXBuildFile; fileRef = 30C56CCE1CACA9A7007AEF8F /* Atlas.c */; };
		30C56CF31CACA9A7007AEF8F /* Atlas.c in Sources */ = {isa = PBXBuildFile; fileRef = 30C56CCE1CACA9A7007AEF8F /* Atlas.c */; };
		30C56CF41CACA9A7007AEF8F /* AtlasAttachmentLoader.c in Sources */ = {isa = PBXBuildFile; fileRef = 30C56CCF1CACA9A7007AEF8F /* AtlasAttachmentLoader.c */; };
		30C56CF51CACA9A7007AEF8F /* AtlasAttachmentLoader.c in Sources */ = {isa = PBXBuildFile; fileRef = 30C56CCF1CACA9A7007AEF8F /* AtlasAttachmentLoader.c */; };
		30C56CF61CACA9A7007AEF8F /* AtlasAttachmentLoader.c in Sources */ = {isa = PBXBuildFile; fileRef = 30C56CCF1CACA9A7007AEF8F /* AtlasAttachmentLoader.c */; };
		30C56CF71CACA9A7007AEF8F /* Attachment.c in Sources */ = {isa = PBXBuildFile; fileRef = 30C56CD01CACA9A7007AEF8F /* Attachment.c */; };
		30C56CF81CACA9A7007AEF8F /* Attachment.c in Sources */ = {isa = PBXBuildFile; fileRef = 30C56CD01CACA9A7007AEF8F /* Attachment.c */; };
		30C56CF91CACA9A7007AEF8F /* Attachment.c in Sources */ = {isa = PBXBuildFile; fileRef = 30C56CD01CACA9A7007AEF8F /* Attachment.c */; };
		30C56CFA1CACA9A7007AEF8F /* AttachmentLoader.c in Sources */ = {isa = PBXBuildFile; fileRef = 30C56CD11CACA9A7007AEF8F /* AttachmentLoader.c */; };
		30C56CFB1CACA9A7007AEF8F /* AttachmentLoader.c in Sources */ = {isa = PBXBuildFile; fileRef = 30C56CD11CACA9A7007AEF8F /* AttachmentLoader.c */; };
		30C56CFC1CACA9A7007AEF8F /* AttachmentLoader.c in Sources */ = {isa = PBXBuildFile; fileRef = 30C56CD11CACA9A7007AEF8F /* AttachmentLoader.c */; };
		30C56CFD1CACA9A7007AEF8F /* Bone.c in Sources */ = {isa = PBXBuildFile; fileRef = 30C56CD21CACA9A7007AEF8F /* Bone.c */; };
		30C56CFE1CACA9A7007AEF8F /* Bone.c in Sources */ = {isa = PBXBuildFile; fileRef = 30C56CD21CACA9A7007AEF8F /* Bone.c */; };
		30C56CFF1CACA9A7007AEF8F /* Bone.c in Sources */ = {isa = PBXBuildFile; fileRef = 30C56CD21CACA9A7007AEF8F /* Bone.c */; };
		30C56D001CACA9A7007AEF8F /* BoneData.c in Sources */ = {isa = PBXBuildFile; fileRef = 30C56CD31CACA9A7007AEF8F /* BoneData.c */; };
		30C56D011CACA9A7007AEF8F /* BoneData.c in Sources */ = {isa = PBXBuildFile; fileRef = 30C56CD31CACA9A7007AEF8F /* BoneData.c */; };
		30C56D021CACA9A7007AEF8F /* BoneData.c in Sources */ = {isa = PBXBuildFile; fileRef = 30C56CD31CACA9A7007AEF8F /* BoneData.c */; };
		30C56D031CACA9A7007AEF8F /* BoundingBoxAttachment.c in Sources */ = {isa = PBXBuildFile; fileRef = 30C56CD41CACA9A7007AEF8F /* BoundingBoxAttachment.c */; };
		30C56D041CACA9A7007AEF8F /* BoundingBoxAttachment.c in Sources */ = {isa = PBXBuildFile; fileRef = 30C56CD41CACA9A7007AEF8F /* BoundingBoxAttachment.c */; };
		30C56D051CACA9A7007AEF8F /* BoundingBoxAttachment.c in Sources */ = {isa = PBXBuildFile; fileRef = 30C56CD41CACA9A7007AEF8F /* BoundingBoxAttachment.c */; };
		30C56D061CACA9A7007AEF8F /* Event.c in Sources */ = {isa = PBXBuildFile; fileRef = 30C56CD51CACA9A7007AEF8F /* Event.c */; };
		30C56D071CACA9A7007AEF8F /* Event.c in Sources */ = {isa = PBXBuildFile; fileRef = 30C56CD51CACA9A7007AEF8F /* Event.c */; };
		30C56D081CACA9A7007AEF8F /* Event.c in Sources */ = {isa = PBXBuildFile; fileRef = 30C56CD51CACA9A7007AEF8F /* Event.c */; };
		30C56D091CACA9A7007AEF8F /* EventData.c in Sources */ = {isa = PBXBuildFile; fileRef = 30C56CD61CACA9A7007AEF8F /* EventData.c */; };
		30C56D0A1CACA9A7007AEF8F /* EventData.c in Sources */ = {isa = PBXBuildFile; fileRef = 30C56CD61CACA9A7007AEF8F /* EventData.c */; };
		30C56D0B1CACA9A7007AEF8F /* EventData.c in Sources */ = {isa = PBXBuildFile; fileRef = 30C56CD61CACA9A7007AEF8F /* EventData.c */; };
		30C56D0C1CACA9A7007AEF8F /* extension.c in Sources */ = {isa = PBXBuildFile; fileRef = 30C56CD71CACA9A7007AEF8F /* extension.c */; };
		30C56D0D1CACA9A7007AEF8F /* extension.c in Sources */ = {isa = PBXBuildFile; fileRef = 30C56CD71CACA9A7007AEF8F /* extension.c */; };
		30C56D0E1CACA9A7007AEF8F /* extension.c in Sources */ = {isa = PBXBuildFile; fileRef = 30C56CD71CACA9A7007AEF8F /* extension.c */; };
		30C56D0F1CACA9A7007AEF8F /* IkConstraint.c in Sources */ = {isa = PBXBuildFile; fileRef = 30C56CD81CACA9A7007AEF8F /* IkConstraint.c */; };
		30C56D101CACA9A7007AEF8F /* IkConstraint.c in Sources */ = {isa = PBXBuildFile; fileRef = 30C56CD81CACA9A7007AEF8F /* IkConstraint.c */; };
		30C56D111CACA9A7007AEF8F /* IkConstraint.c in Sources */ = {isa = PBXBuildFile; fileRef = 30C56CD81CACA9A7007AEF8F /* IkConstraint.c */; };
		30C56D121CACA9A7007AEF8F /* IkConstraintData.c in Sources */ = {isa = PBXBuildFile; fileRef = 30C56CD91CACA9A7007AEF8F /* IkConstraintData.c */; };
		30C56D131CACA9A7007AEF8F /* IkConstraintData.c in Sources */ = {isa = PBXBuildFile; fileRef = 30C56CD91CACA9A7007AEF8F /* IkConstraintData.c */; };
		30C56D141CACA9A7007AEF8F /* IkConstraintData.c in Sources */ = {isa = PBXBuildFile; fileRef = 30C56CD91CACA9A7007AEF8F /* IkConstraintData.c */; };
		30C56D151CACA9A7007AEF8F /* Json.c in Sources */ = {isa = PBXBuildFile; fileRef = 30C56CDA1CACA9A7007AEF8F /* Json.c */; };
		30C56D161CACA9A7007AEF8F /* Json.c in Sources */ = {isa = PBXBuildFile; fileRef = 30C56CDA1CACA9A7007AEF8F /* Json.c */; };
		30C56D171CACA9A7007AEF8F /* Json.c in Sources */ = {isa = PBXBuildFile; fileRef = 30C56CDA1CACA9A7007AEF8F /* Json.c */; };
		30C56D181CACA9A7007AEF8F /* MeshAttachment.c in Sources */ = {isa = PBXBuildFile; fileRef = 30C56CDC1CACA9A7007AEF8F /* MeshAttachment.c */; };
		30C56D191CACA9A7007AEF8F /* MeshAttachment.c in Sources */ = {isa = PBXBuildFile; fileRef = 30C56CDC1CACA9A7007AEF8F /* MeshAttachment.c */; };
		30C56D1A1CACA9A7007AEF8F /* MeshAttachment.c in Sources */ = {isa = PBXBuildFile; fileRef = 30C56CDC1CACA9A7007AEF8F /* MeshAttachment.c */; };
		30C56D1B1CACA9A7007AEF8F /* RegionAttachment.c in Sources */ = {isa = PBXBuildFile; fileRef = 30C56CDD1CACA9A7007AEF8F /* RegionAttachment.c */; };
		30C56D1C1CACA9A7007AEF8F /* RegionAttachment.c in Sources */ = {isa = PBXBuildFile; fileRef = 30C56CDD1CACA9A7007AEF8F /* RegionAttachment.c */; };
		30C56D1D1CACA9A7007AEF8F /* RegionAttachment.c in Sources */ = {isa = PBXBuildFile; fileRef = 30C56CDD1CACA9A7007AEF8F /* RegionAttachment.c */; };
		30C56D1E1CACA9A7007AEF8F /* Skeleton.c in Sources */ = {isa = PBXBuildFile; fileRef = 30C56CDE1CACA9A7007AEF8F /* Skeleton.c */; };
		30C56D1F1CACA9A7007AEF8F /* Skeleton.c in Sources */ = {isa = PBXBuildFile; fileRef = 30C56CDE1CACA9A7007AEF8F /* Skeleton.c */; };
		30C56D201CACA9A7007AEF8F /* Skeleton.c in Sources */ = {isa = PBXBuildFile; fileRef = 30C56CDE1CACA9A7007AEF8F /* Skeleton.c */; };
		30C56D211CACA9A7007AEF8F /* SkeletonBounds.c in Sources */ = {isa = PBXBuildFile; fileRef = 30C56CDF1CACA9A7007AEF8F /* SkeletonBounds.c */; };
		30C56D221CACA9A7007AEF8F /* SkeletonBounds.c in Sources */ = {isa = PBXBuildFile; fileRef = 30C56CDF1CACA9A7007AEF8F /* SkeletonBounds.c */; };
		30C56D231CACA9A7007AEF8F /* SkeletonBounds.c in Sources */ = {isa = PBXBuildFile; fileRef = 30C56CDF1CACA9A7007AEF8F /* SkeletonBounds.c */; };
		30C56D241CACA9A7007AEF8F /* SkeletonData.c in Sources */ = {isa = PBXBuildFile; fileRef = 30C56CE01CACA9A7007AEF8F /* SkeletonData.c */; };
		30C56D251CACA9A7007AEF8F /* SkeletonData.c in Sources */ = {isa = PBXBuildFile; fileRef = 30C56CE01CACA9A7007AEF8F /* SkeletonData.c */; };
		30C56D261CACA9A7007AEF8F /* SkeletonData.c in Sources */ = {isa = PBXBuildFile; fileRef = 30C56CE01CACA9A7007AEF8F /* SkeletonData.c */; };
		30C56D271CACA9A7007AEF8F /* SkeletonJson.c in Sources */ = {isa = PBXBuildFile; fileRef = 30C56CE11CACA9A7007AEF8F /* SkeletonJson.c */; };
		30C56D281CACA9A7007AEF8F /* SkeletonJson.c in Sources */ = {isa = PBXBuildFile; fileRef = 30C56CE11CACA9A7007AEF8F /* SkeletonJson.c */; };
		30C56D291CACA9A7007AEF8F /* SkeletonJson.c in Sources */ = {isa = PBXBuildFile; fileRef = 30C56CE11CACA9A7007AEF8F /* SkeletonJson.c */; };
		30C56D2A1CACA9A7007AEF8F /* Skin.c in Sources */ = {isa = PBXBuildFile; fileRef = 30C56CE21CACA9A7007AEF8F /* Skin.c */; };
		30C56D2B1CACA9A7007AEF8F /* Skin.c in Sources */ = {isa = PBXBuildFile; fileRef = 30C56CE21CACA9A7007AEF8F /* Skin.c */; };
		30C56D2C1CACA9A7007AEF8F /* Skin.c in Sources */ = {isa = PBXBuildFile; fileRef = 30C56CE21CACA9A7007AEF8F /* Skin.c */; };
		30C56D2D1CACA9A7007AEF8F /* Slot.c in Sources */ = {isa = PBXBuildFile; fileRef = 30C56CE31CACA9A7007AEF8F /* Slot.c */; };
		30C56D2E1CACA9A7007AEF8F /* Slot.c in Sources */ = {isa = PBXBuildFile; fileRef = 30C56CE31CACA9A7007AEF8F /* Slot.c */; };
		30C56D2F1CACA9A7007AEF8F /* Slot.c in Sources */ = {isa = PBXBuildFile; fileRef = 30C56CE31CACA9A7007AEF8F /* Slot.c */; };
		30C56D301CACA9A7007AEF8F /* SlotData.c in Sources */ = {isa = PBXBuildFile; fileRef = 30C56CE41CACA9A7007AEF8F /* SlotData.c */; };
		30C56D311CACA9A7007AEF8F /* SlotData.c in Sources */ = {isa = PBXBuildFile; fileRef = 30C56CE41CACA9A7007AEF8F /* SlotData.c */; };
		30C56D321CACA9A7007AEF8F /* SlotData.c in Sources */ = {isa = PBXBuildFile; fileRef = 30C56CE41CACA9A7007AEF8F /* SlotData.c */; };
		30C56D331CACA9A7007AEF8F /* TransformConstraint.c in Sources */ = {isa = PBXBuildFile; fileRef = 30C56CE51CACA9A7007AEF8F /* TransformConstraint.c */; };
		30C56D341CACA9A7007AEF8F /* TransformConstraint.c in Sources */ = {isa = PBXBuildFile; fileRef = 30C56CE51CACA9A7007AEF8F /* TransformConstraint.c */; };
		30C56D351CACA9A7007AEF8F /* TransformConstraint.c in Sources */ = {isa = PBXBuildFile; fileRef = 30C56CE51CACA9A7007AEF8F /* TransformConstraint.c */; };
		30C56D361CACA9A7007AEF8F /* TransformConstraintData.c in Sources */ = {isa = PBXBuildFile; fileRef = 30C56CE61CACA9A7007AEF8F /* TransformConstraintData.c */; };
		30C56D371CACA9A7007AEF8F /* TransformConstraintData.c in Sources */ = {isa = PBXBuildFile; fileRef = 30C56CE61CACA9A7007AEF8F /* TransformConstraintData.c */; };
		30C56D381CACA9A7007AEF8F /* TransformConstraintData.c in Sources */ = {isa = PBXBuildFile; fileRef = 30C56CE61CACA9A7007AEF8F /* TransformConstraintData.c */; };
		30C56D391CACA9A7007AEF8F /* WeightedMeshAttachment.c in Sources */ = {isa = PBXBuildFile; fileRef = 30C56CE71CACA9A7007AEF8F /* WeightedMeshAttachment.c */; };
		30C56D3A1CACA9A7007AEF8F /* WeightedMeshAttachment.c in Sources */ = {isa = PBXBuildFile; fileRef = 30C56CE71CACA9A7007AEF8F /* WeightedMeshAttachment.c */; };
		30C56D3B1CACA9A7007AEF8F /* WeightedMeshAttachment.c in Sources */ = {isa = PBXBuildFile; fileRef = 30C56CE71CACA9A7007AEF8F /* WeightedMeshAttachment.c */; };
/* End PBXBuildFile section */

/* Begin PBXContainerItemProxy section */
		30C56CC11CACA70E007AEF8F /* PBXContainerItemProxy */ = {
			isa = PBXContainerItemProxy;
			containerPortal = 30C56CBB1CACA70E007AEF8F /* ouzel.xcodeproj */;
			proxyType = 2;
			remoteGlobalIDString = 304A8E251C237C30008B1151;
			remoteInfo = ouzel_osx;
		};
		30C56CC31CACA70E007AEF8F /* PBXContainerItemProxy */ = {
			isa = PBXContainerItemProxy;
			containerPortal = 30C56CBB1CACA70E007AEF8F /* ouzel.xcodeproj */;
			proxyType = 2;
			remoteGlobalIDString = 303B75331C2A3C5800FEDE92;
			remoteInfo = ouzel_ios;
		};
		30C56CC51CACA70E007AEF8F /* PBXContainerItemProxy */ = {
			isa = PBXContainerItemProxy;
			containerPortal = 30C56CBB1CACA70E007AEF8F /* ouzel.xcodeproj */;
			proxyType = 2;
			remoteGlobalIDString = 303B76801C355A3B00FEDE92;
			remoteInfo = ouzel_tvos;
		};
/* End PBXContainerItemProxy section */

/* Begin PBXFileReference section */
		30324DAE1CAFB8CA00601A64 /* spine-ouzel.cpp */ = {isa = PBXFileReference; fileEncoding = 4; lastKnownFileType = sourcecode.cpp.cpp; path = "spine-ouzel.cpp"; sourceTree = "<group>"; };
		30324DAF1CAFB8CA00601A64 /* spine-ouzel.h */ = {isa = PBXFileReference; fileEncoding = 4; lastKnownFileType = sourcecode.c.h; path = "spine-ouzel.h"; sourceTree = "<group>"; };
		3036479F1C414EF50024DB5B /* Assets.xcassets */ = {isa = PBXFileReference; lastKnownFileType = folder.assetcatalog; name = Assets.xcassets; path = ios/Assets.xcassets; sourceTree = "<group>"; };
		303647A01C414F120024DB5B /* Assets.xcassets */ = {isa = PBXFileReference; lastKnownFileType = folder.assetcatalog; path = Assets.xcassets; sourceTree = "<group>"; };
		303B74ED1C27F6A100FEDE92 /* OpenGL.framework */ = {isa = PBXFileReference; lastKnownFileType = wrapper.framework; name = OpenGL.framework; path = System/Library/Frameworks/OpenGL.framework; sourceTree = SDKROOT; };
		303B74F01C27F6DD00FEDE92 /* AppKit.framework */ = {isa = PBXFileReference; lastKnownFileType = wrapper.framework; name = AppKit.framework; path = System/Library/Frameworks/AppKit.framework; sourceTree = SDKROOT; };
		303B74F21C27F6EB00FEDE92 /* Cocoa.framework */ = {isa = PBXFileReference; lastKnownFileType = wrapper.framework; name = Cocoa.framework; path = System/Library/Frameworks/Cocoa.framework; sourceTree = SDKROOT; };
		303B75181C29EB8400FEDE92 /* main.cpp */ = {isa = PBXFileReference; fileEncoding = 4; lastKnownFileType = sourcecode.cpp.cpp; path = main.cpp; sourceTree = "<group>"; };
		303B76201C34CFE300FEDE92 /* ouzel_spine_osx.app */ = {isa = PBXFileReference; explicitFileType = wrapper.application; includeInIndex = 0; path = ouzel_spine_osx.app; sourceTree = BUILT_PRODUCTS_DIR; };
		303B76221C34D0A900FEDE92 /* OpenGLES.framework */ = {isa = PBXFileReference; lastKnownFileType = wrapper.framework; name = OpenGLES.framework; path = Platforms/iPhoneOS.platform/Developer/SDKs/iPhoneOS9.2.sdk/System/Library/Frameworks/OpenGLES.framework; sourceTree = DEVELOPER_DIR; };
		303B76251C34D10200FEDE92 /* Foundation.framework */ = {isa = PBXFileReference; lastKnownFileType = wrapper.framework; name = Foundation.framework; path = Platforms/iPhoneOS.platform/Developer/SDKs/iPhoneOS9.2.sdk/System/Library/Frameworks/Foundation.framework; sourceTree = DEVELOPER_DIR; };
		303B76271C34D11400FEDE92 /* UIKit.framework */ = {isa = PBXFileReference; lastKnownFileType = wrapper.framework; name = UIKit.framework; path = Platforms/iPhoneOS.platform/Developer/SDKs/iPhoneOS9.2.sdk/System/Library/Frameworks/UIKit.framework; sourceTree = DEVELOPER_DIR; };
		303B762B1C34D22700FEDE92 /* Info.plist */ = {isa = PBXFileReference; lastKnownFileType = text.plist.xml; name = Info.plist; path = ios/Info.plist; sourceTree = "<group>"; };
		303B762C1C34D22700FEDE92 /* Prefix.pch */ = {isa = PBXFileReference; lastKnownFileType = sourcecode.c.h; name = Prefix.pch; path = ios/Prefix.pch; sourceTree = "<group>"; };
		303B76A01C355AA400FEDE92 /* ouzel_spine_osx.app */ = {isa = PBXFileReference; explicitFileType = wrapper.application; includeInIndex = 0; path = ouzel_spine_osx.app; sourceTree = BUILT_PRODUCTS_DIR; };
		303B76A31C355ADC00FEDE92 /* UIKit.framework */ = {isa = PBXFileReference; lastKnownFileType = wrapper.framework; name = UIKit.framework; path = Platforms/AppleTVOS.platform/Developer/SDKs/AppleTVOS9.1.sdk/System/Library/Frameworks/UIKit.framework; sourceTree = DEVELOPER_DIR; };
		303B76A51C355AE900FEDE92 /* OpenGLES.framework */ = {isa = PBXFileReference; lastKnownFileType = wrapper.framework; name = OpenGLES.framework; path = Platforms/AppleTVOS.platform/Developer/SDKs/AppleTVOS9.1.sdk/System/Library/Frameworks/OpenGLES.framework; sourceTree = DEVELOPER_DIR; };
		303B76A71C355AF900FEDE92 /* Foundation.framework */ = {isa = PBXFileReference; lastKnownFileType = wrapper.framework; name = Foundation.framework; path = Platforms/AppleTVOS.platform/Developer/SDKs/AppleTVOS9.1.sdk/System/Library/Frameworks/Foundation.framework; sourceTree = DEVELOPER_DIR; };
		303B76C71C35695900FEDE92 /* QuartzCore.framework */ = {isa = PBXFileReference; lastKnownFileType = wrapper.framework; name = QuartzCore.framework; path = Platforms/iPhoneOS.platform/Developer/SDKs/iPhoneOS9.2.sdk/System/Library/Frameworks/QuartzCore.framework; sourceTree = DEVELOPER_DIR; };
		303B76C91C35696200FEDE92 /* QuartzCore.framework */ = {isa = PBXFileReference; lastKnownFileType = wrapper.framework; name = QuartzCore.framework; path = Platforms/AppleTVOS.platform/Developer/SDKs/AppleTVOS9.1.sdk/System/Library/Frameworks/QuartzCore.framework; sourceTree = DEVELOPER_DIR; };
		304A8E0A1C237B95008B1151 /* ouzel_spine_osx.app */ = {isa = PBXFileReference; explicitFileType = wrapper.application; includeInIndex = 0; path = ouzel_spine_osx.app; sourceTree = BUILT_PRODUCTS_DIR; };
		304A8E161C237B96008B1151 /* Assets.xcassets */ = {isa = PBXFileReference; lastKnownFileType = folder.assetcatalog; path = Assets.xcassets; sourceTree = "<group>"; };
		304A8E1B1C237B96008B1151 /* Info.plist */ = {isa = PBXFileReference; lastKnownFileType = text.plist.xml; path = Info.plist; sourceTree = "<group>"; };
		304A8EA81C27429A008B1151 /* Application.cpp */ = {isa = PBXFileReference; fileEncoding = 4; lastKnownFileType = sourcecode.cpp.cpp; path = Application.cpp; sourceTree = "<group>"; };
		304A8EA91C27429A008B1151 /* Application.h */ = {isa = PBXFileReference; fileEncoding = 4; lastKnownFileType = sourcecode.c.h; path = Application.h; sourceTree = "<group>"; };
		304A8EAB1C2742D9008B1151 /* Prefix.pch */ = {isa = PBXFileReference; lastKnownFileType = sourcecode.c.h; path = Prefix.pch; sourceTree = "<group>"; };
		30575A961C38C90F0009C8A7 /* Info.plist */ = {isa = PBXFileReference; lastKnownFileType = text.plist.xml; path = Info.plist; sourceTree = "<group>"; };
		30575A971C38C90F0009C8A7 /* Prefix.pch */ = {isa = PBXFileReference; lastKnownFileType = sourcecode.c.h; path = Prefix.pch; sourceTree = "<group>"; };
		30575AE71C3C98F50009C8A7 /* GameController.framework */ = {isa = PBXFileReference; lastKnownFileType = wrapper.framework; name = GameController.framework; path = System/Library/Frameworks/GameController.framework; sourceTree = SDKROOT; };
		30575AE91C3C99010009C8A7 /* GameController.framework */ = {isa = PBXFileReference; lastKnownFileType = wrapper.framework; name = GameController.framework; path = Platforms/iPhoneOS.platform/Developer/SDKs/iPhoneOS9.2.sdk/System/Library/Frameworks/GameController.framework; sourceTree = DEVELOPER_DIR; };
		30575AEB1C3C990B0009C8A7 /* GameController.framework */ = {isa = PBXFileReference; lastKnownFileType = wrapper.framework; name = GameController.framework; path = Platforms/AppleTVOS.platform/Developer/SDKs/AppleTVOS9.1.sdk/System/Library/Frameworks/GameController.framework; sourceTree = DEVELOPER_DIR; };
		305F6DBA1C66C50000B76A03 /* CoreVideo.framework */ = {isa = PBXFileReference; lastKnownFileType = wrapper.framework; name = CoreVideo.framework; path = System/Library/Frameworks/CoreVideo.framework; sourceTree = SDKROOT; };
		30AFE1581CB6BD5900478AA2 /* Metal.framework */ = {isa = PBXFileReference; lastKnownFileType = wrapper.framework; name = Metal.framework; path = System/Library/Frameworks/Metal.framework; sourceTree = SDKROOT; };
		30AFE1591CB6BD5900478AA2 /* MetalKit.framework */ = {isa = PBXFileReference; lastKnownFileType = wrapper.framework; name = MetalKit.framework; path = System/Library/Frameworks/MetalKit.framework; sourceTree = SDKROOT; };
		30AFE15C1CB6BD6500478AA2 /* Metal.framework */ = {isa = PBXFileReference; lastKnownFileType = wrapper.framework; name = Metal.framework; path = Platforms/iPhoneOS.platform/Developer/SDKs/iPhoneOS9.3.sdk/System/Library/Frameworks/Metal.framework; sourceTree = DEVELOPER_DIR; };
		30AFE15D1CB6BD6500478AA2 /* MetalKit.framework */ = {isa = PBXFileReference; lastKnownFileType = wrapper.framework; name = MetalKit.framework; path = Platforms/iPhoneOS.platform/Developer/SDKs/iPhoneOS9.3.sdk/System/Library/Frameworks/MetalKit.framework; sourceTree = DEVELOPER_DIR; };
		30AFE1601CB6BD7000478AA2 /* Metal.framework */ = {isa = PBXFileReference; lastKnownFileType = wrapper.framework; name = Metal.framework; path = Platforms/AppleTVOS.platform/Developer/SDKs/AppleTVOS9.2.sdk/System/Library/Frameworks/Metal.framework; sourceTree = DEVELOPER_DIR; };
		30AFE1611CB6BD7000478AA2 /* MetalKit.framework */ = {isa = PBXFileReference; lastKnownFileType = wrapper.framework; name = MetalKit.framework; path = Platforms/AppleTVOS.platform/Developer/SDKs/AppleTVOS9.2.sdk/System/Library/Frameworks/MetalKit.framework; sourceTree = DEVELOPER_DIR; };
		30AFE1831CB7301500478AA2 /* witch1.atlas */ = {isa = PBXFileReference; fileEncoding = 4; lastKnownFileType = text; path = witch1.atlas; sourceTree = "<group>"; };
		30AFE1841CB7301500478AA2 /* witch1.json */ = {isa = PBXFileReference; fileEncoding = 4; lastKnownFileType = text.json; path = witch1.json; sourceTree = "<group>"; };
		30AFE1851CB7301500478AA2 /* witch1.png */ = {isa = PBXFileReference; lastKnownFileType = image.png; path = witch1.png; sourceTree = "<group>"; };
		30C56CBB1CACA70E007AEF8F /* ouzel.xcodeproj */ = {isa = PBXFileReference; lastKnownFileType = "wrapper.pb-project"; name = ouzel.xcodeproj; path = ../external/ouzel/build/ouzel.xcodeproj; sourceTree = "<group>"; };
		30C56CCB1CACA9A7007AEF8F /* Animation.c */ = {isa = PBXFileReference; fileEncoding = 4; lastKnownFileType = sourcecode.c.c; path = Animation.c; sourceTree = "<group>"; };
		30C56CCC1CACA9A7007AEF8F /* AnimationState.c */ = {isa = PBXFileReference; fileEncoding = 4; lastKnownFileType = sourcecode.c.c; path = AnimationState.c; sourceTree = "<group>"; };
		30C56CCD1CACA9A7007AEF8F /* AnimationStateData.c */ = {isa = PBXFileReference; fileEncoding = 4; lastKnownFileType = sourcecode.c.c; path = AnimationStateData.c; sourceTree = "<group>"; };
		30C56CCE1CACA9A7007AEF8F /* Atlas.c */ = {isa = PBXFileReference; fileEncoding = 4; lastKnownFileType = sourcecode.c.c; path = Atlas.c; sourceTree = "<group>"; };
		30C56CCF1CACA9A7007AEF8F /* AtlasAttachmentLoader.c */ = {isa = PBXFileReference; fileEncoding = 4; lastKnownFileType = sourcecode.c.c; path = AtlasAttachmentLoader.c; sourceTree = "<group>"; };
		30C56CD01CACA9A7007AEF8F /* Attachment.c */ = {isa = PBXFileReference; fileEncoding = 4; lastKnownFileType = sourcecode.c.c; path = Attachment.c; sourceTree = "<group>"; };
		30C56CD11CACA9A7007AEF8F /* AttachmentLoader.c */ = {isa = PBXFileReference; fileEncoding = 4; lastKnownFileType = sourcecode.c.c; path = AttachmentLoader.c; sourceTree = "<group>"; };
		30C56CD21CACA9A7007AEF8F /* Bone.c */ = {isa = PBXFileReference; fileEncoding = 4; lastKnownFileType = sourcecode.c.c; path = Bone.c; sourceTree = "<group>"; };
		30C56CD31CACA9A7007AEF8F /* BoneData.c */ = {isa = PBXFileReference; fileEncoding = 4; lastKnownFileType = sourcecode.c.c; path = BoneData.c; sourceTree = "<group>"; };
		30C56CD41CACA9A7007AEF8F /* BoundingBoxAttachment.c */ = {isa = PBXFileReference; fileEncoding = 4; lastKnownFileType = sourcecode.c.c; path = BoundingBoxAttachment.c; sourceTree = "<group>"; };
		30C56CD51CACA9A7007AEF8F /* Event.c */ = {isa = PBXFileReference; fileEncoding = 4; lastKnownFileType = sourcecode.c.c; path = Event.c; sourceTree = "<group>"; };
		30C56CD61CACA9A7007AEF8F /* EventData.c */ = {isa = PBXFileReference; fileEncoding = 4; lastKnownFileType = sourcecode.c.c; path = EventData.c; sourceTree = "<group>"; };
		30C56CD71CACA9A7007AEF8F /* extension.c */ = {isa = PBXFileReference; fileEncoding = 4; lastKnownFileType = sourcecode.c.c; path = extension.c; sourceTree = "<group>"; };
		30C56CD81CACA9A7007AEF8F /* IkConstraint.c */ = {isa = PBXFileReference; fileEncoding = 4; lastKnownFileType = sourcecode.c.c; path = IkConstraint.c; sourceTree = "<group>"; };
		30C56CD91CACA9A7007AEF8F /* IkConstraintData.c */ = {isa = PBXFileReference; fileEncoding = 4; lastKnownFileType = sourcecode.c.c; path = IkConstraintData.c; sourceTree = "<group>"; };
		30C56CDA1CACA9A7007AEF8F /* Json.c */ = {isa = PBXFileReference; fileEncoding = 4; lastKnownFileType = sourcecode.c.c; path = Json.c; sourceTree = "<group>"; };
		30C56CDB1CACA9A7007AEF8F /* Json.h */ = {isa = PBXFileReference; fileEncoding = 4; lastKnownFileType = sourcecode.c.h; path = Json.h; sourceTree = "<group>"; };
		30C56CDC1CACA9A7007AEF8F /* MeshAttachment.c */ = {isa = PBXFileReference; fileEncoding = 4; lastKnownFileType = sourcecode.c.c; path = MeshAttachment.c; sourceTree = "<group>"; };
		30C56CDD1CACA9A7007AEF8F /* RegionAttachment.c */ = {isa = PBXFileReference; fileEncoding = 4; lastKnownFileType = sourcecode.c.c; path = RegionAttachment.c; sourceTree = "<group>"; };
		30C56CDE1CACA9A7007AEF8F /* Skeleton.c */ = {isa = PBXFileReference; fileEncoding = 4; lastKnownFileType = sourcecode.c.c; path = Skeleton.c; sourceTree = "<group>"; };
		30C56CDF1CACA9A7007AEF8F /* SkeletonBounds.c */ = {isa = PBXFileReference; fileEncoding = 4; lastKnownFileType = sourcecode.c.c; path = SkeletonBounds.c; sourceTree = "<group>"; };
		30C56CE01CACA9A7007AEF8F /* SkeletonData.c */ = {isa = PBXFileReference; fileEncoding = 4; lastKnownFileType = sourcecode.c.c; path = SkeletonData.c; sourceTree = "<group>"; };
		30C56CE11CACA9A7007AEF8F /* SkeletonJson.c */ = {isa = PBXFileReference; fileEncoding = 4; lastKnownFileType = sourcecode.c.c; path = SkeletonJson.c; sourceTree = "<group>"; };
		30C56CE21CACA9A7007AEF8F /* Skin.c */ = {isa = PBXFileReference; fileEncoding = 4; lastKnownFileType = sourcecode.c.c; path = Skin.c; sourceTree = "<group>"; };
		30C56CE31CACA9A7007AEF8F /* Slot.c */ = {isa = PBXFileReference; fileEncoding = 4; lastKnownFileType = sourcecode.c.c; path = Slot.c; sourceTree = "<group>"; };
		30C56CE41CACA9A7007AEF8F /* SlotData.c */ = {isa = PBXFileReference; fileEncoding = 4; lastKnownFileType = sourcecode.c.c; path = SlotData.c; sourceTree = "<group>"; };
		30C56CE51CACA9A7007AEF8F /* TransformConstraint.c */ = {isa = PBXFileReference; fileEncoding = 4; lastKnownFileType = sourcecode.c.c; path = TransformConstraint.c; sourceTree = "<group>"; };
		30C56CE61CACA9A7007AEF8F /* TransformConstraintData.c */ = {isa = PBXFileReference; fileEncoding = 4; lastKnownFileType = sourcecode.c.c; path = TransformConstraintData.c; sourceTree = "<group>"; };
		30C56CE71CACA9A7007AEF8F /* WeightedMeshAttachment.c */ = {isa = PBXFileReference; fileEncoding = 4; lastKnownFileType = sourcecode.c.c; path = WeightedMeshAttachment.c; sourceTree = "<group>"; };
/* End PBXFileReference section */

/* Begin PBXFrameworksBuildPhase section */
		303B76101C34CFE300FEDE92 /* Frameworks */ = {
			isa = PBXFrameworksBuildPhase;
			buildActionMask = 2147483647;
			files = (
				30C56CC81CACA736007AEF8F /* libouzel_ios.a in Frameworks */,
				30575AEA1C3C99010009C8A7 /* GameController.framework in Frameworks */,
				303B76291C34D15300FEDE92 /* Foundation.framework in Frameworks */,
				303B76231C34D0A900FEDE92 /* OpenGLES.framework in Frameworks */,
				303B76C81C35695900FEDE92 /* QuartzCore.framework in Frameworks */,
				303B76281C34D11500FEDE92 /* UIKit.framework in Frameworks */,
				30AFE15E1CB6BD6500478AA2 /* Metal.framework in Frameworks */,
				30AFE15F1CB6BD6500478AA2 /* MetalKit.framework in Frameworks */,
			);
			runOnlyForDeploymentPostprocessing = 0;
		};
		303B768F1C355AA400FEDE92 /* Frameworks */ = {
			isa = PBXFrameworksBuildPhase;
			buildActionMask = 2147483647;
			files = (
				30C56CC91CACA73A007AEF8F /* libouzel_tvos.a in Frameworks */,
				303B76A81C355AFA00FEDE92 /* Foundation.framework in Frameworks */,
				30575AEC1C3C990B0009C8A7 /* GameController.framework in Frameworks */,
				303B76A61C355AE900FEDE92 /* OpenGLES.framework in Frameworks */,
				303B76CA1C35696200FEDE92 /* QuartzCore.framework in Frameworks */,
				303B76A41C355ADC00FEDE92 /* UIKit.framework in Frameworks */,
				30AFE1621CB6BD7000478AA2 /* Metal.framework in Frameworks */,
				30AFE1631CB6BD7000478AA2 /* MetalKit.framework in Frameworks */,
			);
			runOnlyForDeploymentPostprocessing = 0;
		};
		304A8E071C237B95008B1151 /* Frameworks */ = {
			isa = PBXFrameworksBuildPhase;
			buildActionMask = 2147483647;
			files = (
				30C56CC71CACA732007AEF8F /* libouzel_osx.a in Frameworks */,
				305F6DBB1C66C50000B76A03 /* CoreVideo.framework in Frameworks */,
				303B74F31C27F6EB00FEDE92 /* Cocoa.framework in Frameworks */,
				303B74EE1C27F6A100FEDE92 /* OpenGL.framework in Frameworks */,
				30575AE81C3C98F50009C8A7 /* GameController.framework in Frameworks */,
				30AFE15A1CB6BD5900478AA2 /* Metal.framework in Frameworks */,
				30AFE15B1CB6BD5900478AA2 /* MetalKit.framework in Frameworks */,
			);
			runOnlyForDeploymentPostprocessing = 0;
		};
/* End PBXFrameworksBuildPhase section */

/* Begin PBXGroup section */
		30324DA71CAFB84500601A64 /* src */ = {
			isa = PBXGroup;
			children = (
				30324DAE1CAFB8CA00601A64 /* spine-ouzel.cpp */,
				30324DAF1CAFB8CA00601A64 /* spine-ouzel.h */,
				304A8EA81C27429A008B1151 /* Application.cpp */,
				304A8EA91C27429A008B1151 /* Application.h */,
				303B75181C29EB8400FEDE92 /* main.cpp */,
			);
			name = src;
			path = ../src;
			sourceTree = "<group>";
		};
		303B74EF1C27F6B000FEDE92 /* Frameworks */ = {
			isa = PBXGroup;
			children = (
				30AFE1601CB6BD7000478AA2 /* Metal.framework */,
				30AFE1611CB6BD7000478AA2 /* MetalKit.framework */,
				30AFE15C1CB6BD6500478AA2 /* Metal.framework */,
				30AFE15D1CB6BD6500478AA2 /* MetalKit.framework */,
				30AFE1581CB6BD5900478AA2 /* Metal.framework */,
				30AFE1591CB6BD5900478AA2 /* MetalKit.framework */,
				305F6DBA1C66C50000B76A03 /* CoreVideo.framework */,
				30575AEB1C3C990B0009C8A7 /* GameController.framework */,
				30575AE91C3C99010009C8A7 /* GameController.framework */,
				30575AE71C3C98F50009C8A7 /* GameController.framework */,
				303B76C91C35696200FEDE92 /* QuartzCore.framework */,
				303B76C71C35695900FEDE92 /* QuartzCore.framework */,
				303B76A71C355AF900FEDE92 /* Foundation.framework */,
				303B76A51C355AE900FEDE92 /* OpenGLES.framework */,
				303B76A31C355ADC00FEDE92 /* UIKit.framework */,
				303B76271C34D11400FEDE92 /* UIKit.framework */,
				303B76251C34D10200FEDE92 /* Foundation.framework */,
				303B76221C34D0A900FEDE92 /* OpenGLES.framework */,
				303B74F21C27F6EB00FEDE92 /* Cocoa.framework */,
				303B74F01C27F6DD00FEDE92 /* AppKit.framework */,
				303B74ED1C27F6A100FEDE92 /* OpenGL.framework */,
			);
			name = Frameworks;
			path = ..;
			sourceTree = "<group>";
		};
		303B762A1C34D21100FEDE92 /* ios */ = {
			isa = PBXGroup;
			children = (
				3036479F1C414EF50024DB5B /* Assets.xcassets */,
				303B762B1C34D22700FEDE92 /* Info.plist */,
				303B762C1C34D22700FEDE92 /* Prefix.pch */,
			);
			name = ios;
			path = ..;
			sourceTree = "<group>";
		};
		304A8E011C237B95008B1151 = {
			isa = PBXGroup;
			children = (
				303B74EF1C27F6B000FEDE92 /* Frameworks */,
				303B762A1C34D21100FEDE92 /* ios */,
				304A8EA41C274113008B1151 /* osx */,
				30C56CBB1CACA70E007AEF8F /* ouzel.xcodeproj */,
				304A8E0B1C237B95008B1151 /* Products */,
				304A8EB21C2765C4008B1151 /* Resources */,
				30C56CCA1CACA973007AEF8F /* spine */,
				30324DA71CAFB84500601A64 /* src */,
				30575A951C38C8ED0009C8A7 /* tvos */,
			);
			sourceTree = "<group>";
		};
		304A8E0B1C237B95008B1151 /* Products */ = {
			isa = PBXGroup;
			children = (
				304A8E0A1C237B95008B1151 /* ouzel_spine_osx.app */,
				303B76201C34CFE300FEDE92 /* ouzel_spine_osx.app */,
				303B76A01C355AA400FEDE92 /* ouzel_spine_osx.app */,
			);
			name = Products;
			sourceTree = "<group>";
		};
		304A8EA41C274113008B1151 /* osx */ = {
			isa = PBXGroup;
			children = (
				304A8E161C237B96008B1151 /* Assets.xcassets */,
				304A8E1B1C237B96008B1151 /* Info.plist */,
				304A8EAB1C2742D9008B1151 /* Prefix.pch */,
			);
			name = osx;
			path = ../OSX;
			sourceTree = "<group>";
		};
		304A8EB21C2765C4008B1151 /* Resources */ = {
			isa = PBXGroup;
			children = (
				30AFE1831CB7301500478AA2 /* witch1.atlas */,
				30AFE1841CB7301500478AA2 /* witch1.json */,
				30AFE1851CB7301500478AA2 /* witch1.png */,
			);
			name = Resources;
			path = ../Resources;
			sourceTree = "<group>";
		};
		30575A951C38C8ED0009C8A7 /* tvos */ = {
			isa = PBXGroup;
			children = (
				303647A01C414F120024DB5B /* Assets.xcassets */,
				30575A961C38C90F0009C8A7 /* Info.plist */,
				30575A971C38C90F0009C8A7 /* Prefix.pch */,
			);
			name = tvos;
			path = ../tvos;
			sourceTree = "<group>";
		};
		30C56CBC1CACA70E007AEF8F /* Products */ = {
			isa = PBXGroup;
			children = (
				30C56CC21CACA70E007AEF8F /* libouzel_osx.a */,
				30C56CC41CACA70E007AEF8F /* libouzel_ios.a */,
				30C56CC61CACA70E007AEF8F /* libouzel_tvos.a */,
			);
			name = Products;
			sourceTree = "<group>";
		};
		30C56CCA1CACA973007AEF8F /* spine */ = {
			isa = PBXGroup;
			children = (
				30C56CCB1CACA9A7007AEF8F /* Animation.c */,
				30C56CCC1CACA9A7007AEF8F /* AnimationState.c */,
				30C56CCD1CACA9A7007AEF8F /* AnimationStateData.c */,
				30C56CCE1CACA9A7007AEF8F /* Atlas.c */,
				30C56CCF1CACA9A7007AEF8F /* AtlasAttachmentLoader.c */,
				30C56CD01CACA9A7007AEF8F /* Attachment.c */,
				30C56CD11CACA9A7007AEF8F /* AttachmentLoader.c */,
				30C56CD21CACA9A7007AEF8F /* Bone.c */,
				30C56CD31CACA9A7007AEF8F /* BoneData.c */,
				30C56CD41CACA9A7007AEF8F /* BoundingBoxAttachment.c */,
				30C56CD51CACA9A7007AEF8F /* Event.c */,
				30C56CD61CACA9A7007AEF8F /* EventData.c */,
				30C56CD71CACA9A7007AEF8F /* extension.c */,
				30C56CD81CACA9A7007AEF8F /* IkConstraint.c */,
				30C56CD91CACA9A7007AEF8F /* IkConstraintData.c */,
				30C56CDA1CACA9A7007AEF8F /* Json.c */,
				30C56CDB1CACA9A7007AEF8F /* Json.h */,
				30C56CDC1CACA9A7007AEF8F /* MeshAttachment.c */,
				30C56CDD1CACA9A7007AEF8F /* RegionAttachment.c */,
				30C56CDE1CACA9A7007AEF8F /* Skeleton.c */,
				30C56CDF1CACA9A7007AEF8F /* SkeletonBounds.c */,
				30C56CE01CACA9A7007AEF8F /* SkeletonData.c */,
				30C56CE11CACA9A7007AEF8F /* SkeletonJson.c */,
				30C56CE21CACA9A7007AEF8F /* Skin.c */,
				30C56CE31CACA9A7007AEF8F /* Slot.c */,
				30C56CE41CACA9A7007AEF8F /* SlotData.c */,
				30C56CE51CACA9A7007AEF8F /* TransformConstraint.c */,
				30C56CE61CACA9A7007AEF8F /* TransformConstraintData.c */,
				30C56CE71CACA9A7007AEF8F /* WeightedMeshAttachment.c */,
			);
			name = spine;
			path = "../external/spine-runtimes/spine-c/src/spine";
			sourceTree = "<group>";
		};
/* End PBXGroup section */

/* Begin PBXNativeTarget section */
		303B760C1C34CFE300FEDE92 /* ouzel_spine_ios */ = {
			isa = PBXNativeTarget;
			buildConfigurationList = 303B761D1C34CFE300FEDE92 /* Build configuration list for PBXNativeTarget "ouzel_spine_ios" */;
			buildPhases = (
				303B760D1C34CFE300FEDE92 /* Sources */,
				303B76101C34CFE300FEDE92 /* Frameworks */,
				303B76141C34CFE300FEDE92 /* Resources */,
			);
			buildRules = (
			);
			dependencies = (
			);
			name = ouzel_spine_ios;
			productName = blackbird;
			productReference = 303B76201C34CFE300FEDE92 /* ouzel_spine_osx.app */;
			productType = "com.apple.product-type.application";
		};
		303B768B1C355AA400FEDE92 /* ouzel_spine_tvos */ = {
			isa = PBXNativeTarget;
			buildConfigurationList = 303B769D1C355AA400FEDE92 /* Build configuration list for PBXNativeTarget "ouzel_spine_tvos" */;
			buildPhases = (
				303B768C1C355AA400FEDE92 /* Sources */,
				303B768F1C355AA400FEDE92 /* Frameworks */,
				303B76941C355AA400FEDE92 /* Resources */,
			);
			buildRules = (
			);
			dependencies = (
			);
			name = ouzel_spine_tvos;
			productName = blackbird;
			productReference = 303B76A01C355AA400FEDE92 /* ouzel_spine_osx.app */;
			productType = "com.apple.product-type.application";
		};
		304A8E091C237B95008B1151 /* ouzel_spine_osx */ = {
			isa = PBXNativeTarget;
			buildConfigurationList = 304A8E1E1C237B96008B1151 /* Build configuration list for PBXNativeTarget "ouzel_spine_osx" */;
			buildPhases = (
				304A8E061C237B95008B1151 /* Sources */,
				304A8E071C237B95008B1151 /* Frameworks */,
				304A8E081C237B95008B1151 /* Resources */,
			);
			buildRules = (
			);
			dependencies = (
			);
			name = ouzel_spine_osx;
			productName = blackbird;
			productReference = 304A8E0A1C237B95008B1151 /* ouzel_spine_osx.app */;
			productType = "com.apple.product-type.application";
		};
/* End PBXNativeTarget section */

/* Begin PBXProject section */
		304A8E021C237B95008B1151 /* Project object */ = {
			isa = PBXProject;
			attributes = {
				LastUpgradeCheck = 0720;
				ORGANIZATIONNAME = "Bool Games";
				TargetAttributes = {
					303B760C1C34CFE300FEDE92 = {
						DevelopmentTeam = XHH29823R9;
					};
					304A8E091C237B95008B1151 = {
						CreatedOnToolsVersion = 7.2;
					};
				};
			};
			buildConfigurationList = 304A8E051C237B95008B1151 /* Build configuration list for PBXProject "ouzel_spine" */;
			compatibilityVersion = "Xcode 3.2";
			developmentRegion = English;
			hasScannedForEncodings = 0;
			knownRegions = (
				en,
				Base,
			);
			mainGroup = 304A8E011C237B95008B1151;
			productRefGroup = 304A8E0B1C237B95008B1151 /* Products */;
			projectDirPath = "";
			projectReferences = (
				{
					ProductGroup = 30C56CBC1CACA70E007AEF8F /* Products */;
					ProjectRef = 30C56CBB1CACA70E007AEF8F /* ouzel.xcodeproj */;
				},
			);
			projectRoot = "";
			targets = (
				304A8E091C237B95008B1151 /* ouzel_spine_osx */,
				303B760C1C34CFE300FEDE92 /* ouzel_spine_ios */,
				303B768B1C355AA400FEDE92 /* ouzel_spine_tvos */,
			);
		};
/* End PBXProject section */

/* Begin PBXReferenceProxy section */
		30C56CC21CACA70E007AEF8F /* libouzel_osx.a */ = {
			isa = PBXReferenceProxy;
			fileType = archive.ar;
			path = libouzel_osx.a;
			remoteRef = 30C56CC11CACA70E007AEF8F /* PBXContainerItemProxy */;
			sourceTree = BUILT_PRODUCTS_DIR;
		};
		30C56CC41CACA70E007AEF8F /* libouzel_ios.a */ = {
			isa = PBXReferenceProxy;
			fileType = archive.ar;
			path = libouzel_ios.a;
			remoteRef = 30C56CC31CACA70E007AEF8F /* PBXContainerItemProxy */;
			sourceTree = BUILT_PRODUCTS_DIR;
		};
		30C56CC61CACA70E007AEF8F /* libouzel_tvos.a */ = {
			isa = PBXReferenceProxy;
			fileType = archive.ar;
			path = libouzel_tvos.a;
			remoteRef = 30C56CC51CACA70E007AEF8F /* PBXContainerItemProxy */;
			sourceTree = BUILT_PRODUCTS_DIR;
		};
/* End PBXReferenceProxy section */

/* Begin PBXResourcesBuildPhase section */
		303B76141C34CFE300FEDE92 /* Resources */ = {
			isa = PBXResourcesBuildPhase;
			buildActionMask = 2147483647;
			files = (
				30AFE18D1CB7301500478AA2 /* witch1.png in Resources */,
				30AFE18A1CB7301500478AA2 /* witch1.json in Resources */,
				303647A11C418E4C0024DB5B /* Assets.xcassets in Resources */,
				30AFE1871CB7301500478AA2 /* witch1.atlas in Resources */,
			);
			runOnlyForDeploymentPostprocessing = 0;
		};
		303B76941C355AA400FEDE92 /* Resources */ = {
			isa = PBXResourcesBuildPhase;
			buildActionMask = 2147483647;
			files = (
				30AFE18E1CB7301500478AA2 /* witch1.png in Resources */,
				30AFE18B1CB7301500478AA2 /* witch1.json in Resources */,
				303647A31C418E7C0024DB5B /* Assets.xcassets in Resources */,
				30AFE1881CB7301500478AA2 /* witch1.atlas in Resources */,
			);
			runOnlyForDeploymentPostprocessing = 0;
		};
		304A8E081C237B95008B1151 /* Resources */ = {
			isa = PBXResourcesBuildPhase;
			buildActionMask = 2147483647;
			files = (
				30AFE18C1CB7301500478AA2 /* witch1.png in Resources */,
				30AFE1891CB7301500478AA2 /* witch1.json in Resources */,
				303647A21C418E790024DB5B /* Assets.xcassets in Resources */,
				30AFE1861CB7301500478AA2 /* witch1.atlas in Resources */,
			);
			runOnlyForDeploymentPostprocessing = 0;
		};
/* End PBXResourcesBuildPhase section */

/* Begin PBXSourcesBuildPhase section */
		303B760D1C34CFE300FEDE92 /* Sources */ = {
			isa = PBXSourcesBuildPhase;
			buildActionMask = 2147483647;
			files = (
				30C56D3A1CACA9A7007AEF8F /* WeightedMeshAttachment.c in Sources */,
				30C56D1C1CACA9A7007AEF8F /* RegionAttachment.c in Sources */,
				30C56D311CACA9A7007AEF8F /* SlotData.c in Sources */,
				30C56D071CACA9A7007AEF8F /* Event.c in Sources */,
				30C56D341CACA9A7007AEF8F /* TransformConstraint.c in Sources */,
				30C56D0D1CACA9A7007AEF8F /* extension.c in Sources */,
				30C56CEF1CACA9A7007AEF8F /* AnimationStateData.c in Sources */,
				30C56D131CACA9A7007AEF8F /* IkConstraintData.c in Sources */,
				30C56D0A1CACA9A7007AEF8F /* EventData.c in Sources */,
				30C56D281CACA9A7007AEF8F /* SkeletonJson.c in Sources */,
				303B760E1C34CFE300FEDE92 /* Application.cpp in Sources */,
				30C56D191CACA9A7007AEF8F /* MeshAttachment.c in Sources */,
				30C56D1F1CACA9A7007AEF8F /* Skeleton.c in Sources */,
				30C56D2B1CACA9A7007AEF8F /* Skin.c in Sources */,
				30C56CF51CACA9A7007AEF8F /* AtlasAttachmentLoader.c in Sources */,
				30C56CFB1CACA9A7007AEF8F /* AttachmentLoader.c in Sources */,
				30C56D2E1CACA9A7007AEF8F /* Slot.c in Sources */,
				30C56D041CACA9A7007AEF8F /* BoundingBoxAttachment.c in Sources */,
				30C56D101CACA9A7007AEF8F /* IkConstraint.c in Sources */,
				30C56D251CACA9A7007AEF8F /* SkeletonData.c in Sources */,
				303B760F1C34CFE300FEDE92 /* main.cpp in Sources */,
				30C56CFE1CACA9A7007AEF8F /* Bone.c in Sources */,
				30C56D221CACA9A7007AEF8F /* SkeletonBounds.c in Sources */,
				30C56D011CACA9A7007AEF8F /* BoneData.c in Sources */,
				30C56CF21CACA9A7007AEF8F /* Atlas.c in Sources */,
				30C56D371CACA9A7007AEF8F /* TransformConstraintData.c in Sources */,
				30C56CEC1CACA9A7007AEF8F /* AnimationState.c in Sources */,
				30C56D161CACA9A7007AEF8F /* Json.c in Sources */,
				30C56CF81CACA9A7007AEF8F /* Attachment.c in Sources */,
				30C56CE91CACA9A7007AEF8F /* Animation.c in Sources */,
				30AFE17B1CB7064800478AA2 /* spine-ouzel.cpp in Sources */,
			);
			runOnlyForDeploymentPostprocessing = 0;
		};
		303B768C1C355AA400FEDE92 /* Sources */ = {
			isa = PBXSourcesBuildPhase;
			buildActionMask = 2147483647;
			files = (
				30C56D3B1CACA9A7007AEF8F /* WeightedMeshAttachment.c in Sources */,
				30C56D1D1CACA9A7007AEF8F /* RegionAttachment.c in Sources */,
				30C56D321CACA9A7007AEF8F /* SlotData.c in Sources */,
				30C56D081CACA9A7007AEF8F /* Event.c in Sources */,
				30C56D351CACA9A7007AEF8F /* TransformConstraint.c in Sources */,
				30C56D0E1CACA9A7007AEF8F /* extension.c in Sources */,
				30C56CF01CACA9A7007AEF8F /* AnimationStateData.c in Sources */,
				30C56D141CACA9A7007AEF8F /* IkConstraintData.c in Sources */,
				30C56D0B1CACA9A7007AEF8F /* EventData.c in Sources */,
				30C56D291CACA9A7007AEF8F /* SkeletonJson.c in Sources */,
				303B768D1C355AA400FEDE92 /* Application.cpp in Sources */,
				30C56D1A1CACA9A7007AEF8F /* MeshAttachment.c in Sources */,
				30C56D201CACA9A7007AEF8F /* Skeleton.c in Sources */,
				30C56D2C1CACA9A7007AEF8F /* Skin.c in Sources */,
				30C56CF61CACA9A7007AEF8F /* AtlasAttachmentLoader.c in Sources */,
				30C56CFC1CACA9A7007AEF8F /* AttachmentLoader.c in Sources */,
				30C56D2F1CACA9A7007AEF8F /* Slot.c in Sources */,
				30C56D051CACA9A7007AEF8F /* BoundingBoxAttachment.c in Sources */,
				30C56D111CACA9A7007AEF8F /* IkConstraint.c in Sources */,
				30C56D261CACA9A7007AEF8F /* SkeletonData.c in Sources */,
				303B768E1C355AA400FEDE92 /* main.cpp in Sources */,
				30C56CFF1CACA9A7007AEF8F /* Bone.c in Sources */,
				30C56D231CACA9A7007AEF8F /* SkeletonBounds.c in Sources */,
				30C56D021CACA9A7007AEF8F /* BoneData.c in Sources */,
				30C56CF31CACA9A7007AEF8F /* Atlas.c in Sources */,
				30C56D381CACA9A7007AEF8F /* TransformConstraintData.c in Sources */,
				30C56CED1CACA9A7007AEF8F /* AnimationState.c in Sources */,
				30C56D171CACA9A7007AEF8F /* Json.c in Sources */,
				30C56CF91CACA9A7007AEF8F /* Attachment.c in Sources */,
				30C56CEA1CACA9A7007AEF8F /* Animation.c in Sources */,
				30AFE17C1CB7064800478AA2 /* spine-ouzel.cpp in Sources */,
			);
			runOnlyForDeploymentPostprocessing = 0;
		};
		304A8E061C237B95008B1151 /* Sources */ = {
			isa = PBXSourcesBuildPhase;
			buildActionMask = 2147483647;
			files = (
				30C56D391CACA9A7007AEF8F /* WeightedMeshAttachment.c in Sources */,
				30C56D1B1CACA9A7007AEF8F /* RegionAttachment.c in Sources */,
				30C56D301CACA9A7007AEF8F /* SlotData.c in Sources */,
				30C56D061CACA9A7007AEF8F /* Event.c in Sources */,
				30C56D331CACA9A7007AEF8F /* TransformConstraint.c in Sources */,
				30C56D0C1CACA9A7007AEF8F /* extension.c in Sources */,
				30C56CEE1CACA9A7007AEF8F /* AnimationStateData.c in Sources */,
				30C56D121CACA9A7007AEF8F /* IkConstraintData.c in Sources */,
				30C56D091CACA9A7007AEF8F /* EventData.c in Sources */,
				30C56D271CACA9A7007AEF8F /* SkeletonJson.c in Sources */,
				304A8EAA1C27429A008B1151 /* Application.cpp in Sources */,
				30C56D181CACA9A7007AEF8F /* MeshAttachment.c in Sources */,
				30C56D1E1CACA9A7007AEF8F /* Skeleton.c in Sources */,
				30C56D2A1CACA9A7007AEF8F /* Skin.c in Sources */,
				30C56CF41CACA9A7007AEF8F /* AtlasAttachmentLoader.c in Sources */,
				30C56CFA1CACA9A7007AEF8F /* AttachmentLoader.c in Sources */,
				30C56D2D1CACA9A7007AEF8F /* Slot.c in Sources */,
				30C56D031CACA9A7007AEF8F /* BoundingBoxAttachment.c in Sources */,
				30C56D0F1CACA9A7007AEF8F /* IkConstraint.c in Sources */,
				30C56D241CACA9A7007AEF8F /* SkeletonData.c in Sources */,
				303B751A1C29ED4200FEDE92 /* main.cpp in Sources */,
				30C56CFD1CACA9A7007AEF8F /* Bone.c in Sources */,
				30C56D211CACA9A7007AEF8F /* SkeletonBounds.c in Sources */,
				30C56D001CACA9A7007AEF8F /* BoneData.c in Sources */,
				30C56CF11CACA9A7007AEF8F /* Atlas.c in Sources */,
				30C56D361CACA9A7007AEF8F /* TransformConstraintData.c in Sources */,
				30C56CEB1CACA9A7007AEF8F /* AnimationState.c in Sources */,
				30C56D151CACA9A7007AEF8F /* Json.c in Sources */,
				30C56CF71CACA9A7007AEF8F /* Attachment.c in Sources */,
				30C56CE81CACA9A7007AEF8F /* Animation.c in Sources */,
				30AFE1771CB7064700478AA2 /* spine-ouzel.cpp in Sources */,
			);
			runOnlyForDeploymentPostprocessing = 0;
		};
/* End PBXSourcesBuildPhase section */

/* Begin XCBuildConfiguration section */
		303B761E1C34CFE300FEDE92 /* Debug */ = {
			isa = XCBuildConfiguration;
			buildSettings = {
				ASSETCATALOG_COMPILER_APPICON_NAME = AppIcon;
				CODE_SIGN_IDENTITY = "iPhone Developer";
				"CODE_SIGN_IDENTITY[sdk=iphoneos*]" = "iPhone Developer";
				COMBINE_HIDPI_IMAGES = YES;
				COMPRESS_PNG_FILES = NO;
				GCC_PRECOMPILE_PREFIX_HEADER = YES;
				GCC_PREFIX_HEADER = ../ios/Prefix.pch;
				INFOPLIST_FILE = ../ios/Info.plist;
				LD_RUNPATH_SEARCH_PATHS = "$(inherited) @executable_path/../Frameworks";
				PRODUCT_BUNDLE_IDENTIFIER = com.boolgames.ouzel;
				PRODUCT_NAME = ouzel_spine_osx;
				PROVISIONING_PROFILE = "";
				SDKROOT = iphoneos;
				TARGETED_DEVICE_FAMILY = "1,2";
			};
			name = Debug;
		};
		303B761F1C34CFE300FEDE92 /* Release */ = {
			isa = XCBuildConfiguration;
			buildSettings = {
				ASSETCATALOG_COMPILER_APPICON_NAME = AppIcon;
				CODE_SIGN_IDENTITY = "iPhone Developer";
				"CODE_SIGN_IDENTITY[sdk=iphoneos*]" = "iPhone Developer";
				COMBINE_HIDPI_IMAGES = YES;
				COMPRESS_PNG_FILES = NO;
				GCC_PRECOMPILE_PREFIX_HEADER = YES;
				GCC_PREFIX_HEADER = ../ios/Prefix.pch;
				INFOPLIST_FILE = ../ios/Info.plist;
				LD_RUNPATH_SEARCH_PATHS = "$(inherited) @executable_path/../Frameworks";
				PRODUCT_BUNDLE_IDENTIFIER = com.boolgames.ouzel;
				PRODUCT_NAME = ouzel_spine_osx;
				PROVISIONING_PROFILE = "";
				SDKROOT = iphoneos;
				TARGETED_DEVICE_FAMILY = "1,2";
			};
			name = Release;
		};
		303B769E1C355AA400FEDE92 /* Debug */ = {
			isa = XCBuildConfiguration;
			buildSettings = {
				ASSETCATALOG_COMPILER_APPICON_NAME = "Brand Assets";
				CODE_SIGN_IDENTITY = "iPhone Developer";
				"CODE_SIGN_IDENTITY[sdk=iphoneos*]" = "iPhone Developer";
				COMBINE_HIDPI_IMAGES = YES;
				COMPRESS_PNG_FILES = NO;
				GCC_PRECOMPILE_PREFIX_HEADER = YES;
				GCC_PREFIX_HEADER = ../ios/Prefix.pch;
				INFOPLIST_FILE = ../tvos/Info.plist;
				LD_RUNPATH_SEARCH_PATHS = "$(inherited) @executable_path/../Frameworks";
				PRODUCT_BUNDLE_IDENTIFIER = com.boolgames.ouzel;
				PRODUCT_NAME = ouzel_spine_osx;
				PROVISIONING_PROFILE = "";
				SDKROOT = appletvos;
			};
			name = Debug;
		};
		303B769F1C355AA400FEDE92 /* Release */ = {
			isa = XCBuildConfiguration;
			buildSettings = {
				ASSETCATALOG_COMPILER_APPICON_NAME = "Brand Assets";
				CODE_SIGN_IDENTITY = "iPhone Developer";
				"CODE_SIGN_IDENTITY[sdk=iphoneos*]" = "iPhone Developer";
				COMBINE_HIDPI_IMAGES = YES;
				COMPRESS_PNG_FILES = NO;
				GCC_PRECOMPILE_PREFIX_HEADER = YES;
				GCC_PREFIX_HEADER = ../ios/Prefix.pch;
				INFOPLIST_FILE = ../tvos/Info.plist;
				LD_RUNPATH_SEARCH_PATHS = "$(inherited) @executable_path/../Frameworks";
				PRODUCT_BUNDLE_IDENTIFIER = com.boolgames.ouzel;
				PRODUCT_NAME = ouzel_spine_osx;
				PROVISIONING_PROFILE = "";
				SDKROOT = appletvos;
			};
			name = Release;
		};
		304A8E1C1C237B96008B1151 /* Debug */ = {
			isa = XCBuildConfiguration;
			buildSettings = {
				ALWAYS_SEARCH_USER_PATHS = NO;
				CLANG_CXX_LANGUAGE_STANDARD = "c++0x";
				CLANG_CXX_LIBRARY = "libc++";
				CLANG_ENABLE_OBJC_ARC = YES;
				CLANG_WARN_ASSIGN_ENUM = YES;
				CLANG_WARN_BOOL_CONVERSION = YES;
				CLANG_WARN_CONSTANT_CONVERSION = YES;
				CLANG_WARN_DIRECT_OBJC_ISA_USAGE = YES_ERROR;
				CLANG_WARN_EMPTY_BODY = YES;
				CLANG_WARN_ENUM_CONVERSION = YES;
				CLANG_WARN_IMPLICIT_SIGN_CONVERSION = YES;
				CLANG_WARN_INT_CONVERSION = YES;
				CLANG_WARN_NULLABLE_TO_NONNULL_CONVERSION = YES;
				CLANG_WARN_OBJC_ROOT_CLASS = YES_ERROR;
				CLANG_WARN_SUSPICIOUS_IMPLICIT_CONVERSION = YES;
				CLANG_WARN_UNREACHABLE_CODE = YES;
				CLANG_WARN__DUPLICATE_METHOD_MATCH = YES;
				CODE_SIGN_IDENTITY = "-";
				COPY_PHASE_STRIP = NO;
				DEBUG_INFORMATION_FORMAT = dwarf;
				ENABLE_STRICT_OBJC_MSGSEND = YES;
				ENABLE_TESTABILITY = YES;
				GCC_C_LANGUAGE_STANDARD = c99;
				GCC_DYNAMIC_NO_PIC = NO;
				GCC_NO_COMMON_BLOCKS = YES;
				GCC_OPTIMIZATION_LEVEL = 0;
				GCC_PREPROCESSOR_DEFINITIONS = (
					"DEBUG=1",
					"$(inherited)",
				);
				GCC_WARN_64_TO_32_BIT_CONVERSION = YES;
				GCC_WARN_ABOUT_MISSING_FIELD_INITIALIZERS = YES;
				GCC_WARN_ABOUT_MISSING_NEWLINE = YES;
				GCC_WARN_ABOUT_MISSING_PROTOTYPES = YES;
				GCC_WARN_ABOUT_RETURN_TYPE = YES_ERROR;
				GCC_WARN_INITIALIZER_NOT_FULLY_BRACKETED = YES;
				GCC_WARN_SHADOW = YES;
				GCC_WARN_SIGN_COMPARE = YES;
				GCC_WARN_UNDECLARED_SELECTOR = YES;
				GCC_WARN_UNINITIALIZED_AUTOS = YES_AGGRESSIVE;
				GCC_WARN_UNKNOWN_PRAGMAS = YES;
				GCC_WARN_UNUSED_FUNCTION = YES;
				GCC_WARN_UNUSED_LABEL = YES;
				GCC_WARN_UNUSED_VARIABLE = YES;
				HEADER_SEARCH_PATHS = (
					../external/ouzel/ouzel,
					"../external/spine-runtimes/spine-c/include",
				);
				MACOSX_DEPLOYMENT_TARGET = 10.11;
				MTL_ENABLE_DEBUG_INFO = YES;
				ONLY_ACTIVE_ARCH = YES;
				SDKROOT = macosx;
			};
			name = Debug;
		};
		304A8E1D1C237B96008B1151 /* Release */ = {
			isa = XCBuildConfiguration;
			buildSettings = {
				ALWAYS_SEARCH_USER_PATHS = NO;
				CLANG_CXX_LANGUAGE_STANDARD = "c++0x";
				CLANG_CXX_LIBRARY = "libc++";
				CLANG_ENABLE_OBJC_ARC = YES;
				CLANG_WARN_ASSIGN_ENUM = YES;
				CLANG_WARN_BOOL_CONVERSION = YES;
				CLANG_WARN_CONSTANT_CONVERSION = YES;
				CLANG_WARN_DIRECT_OBJC_ISA_USAGE = YES_ERROR;
				CLANG_WARN_EMPTY_BODY = YES;
				CLANG_WARN_ENUM_CONVERSION = YES;
				CLANG_WARN_IMPLICIT_SIGN_CONVERSION = YES;
				CLANG_WARN_INT_CONVERSION = YES;
				CLANG_WARN_NULLABLE_TO_NONNULL_CONVERSION = YES;
				CLANG_WARN_OBJC_ROOT_CLASS = YES_ERROR;
				CLANG_WARN_SUSPICIOUS_IMPLICIT_CONVERSION = YES;
				CLANG_WARN_UNREACHABLE_CODE = YES;
				CLANG_WARN__DUPLICATE_METHOD_MATCH = YES;
				CODE_SIGN_IDENTITY = "-";
				COPY_PHASE_STRIP = NO;
				DEBUG_INFORMATION_FORMAT = "dwarf-with-dsym";
				ENABLE_NS_ASSERTIONS = NO;
				ENABLE_STRICT_OBJC_MSGSEND = YES;
				GCC_C_LANGUAGE_STANDARD = c99;
				GCC_NO_COMMON_BLOCKS = YES;
				GCC_WARN_64_TO_32_BIT_CONVERSION = YES;
				GCC_WARN_ABOUT_MISSING_FIELD_INITIALIZERS = YES;
				GCC_WARN_ABOUT_MISSING_NEWLINE = YES;
				GCC_WARN_ABOUT_MISSING_PROTOTYPES = YES;
				GCC_WARN_ABOUT_RETURN_TYPE = YES_ERROR;
				GCC_WARN_INITIALIZER_NOT_FULLY_BRACKETED = YES;
				GCC_WARN_SHADOW = YES;
				GCC_WARN_SIGN_COMPARE = YES;
				GCC_WARN_UNDECLARED_SELECTOR = YES;
				GCC_WARN_UNINITIALIZED_AUTOS = YES_AGGRESSIVE;
				GCC_WARN_UNKNOWN_PRAGMAS = YES;
				GCC_WARN_UNUSED_FUNCTION = YES;
				GCC_WARN_UNUSED_LABEL = YES;
				GCC_WARN_UNUSED_VARIABLE = YES;
				HEADER_SEARCH_PATHS = (
					../external/ouzel/ouzel,
					"../external/spine-runtimes/spine-c/include",
				);
				MACOSX_DEPLOYMENT_TARGET = 10.11;
				MTL_ENABLE_DEBUG_INFO = NO;
				SDKROOT = macosx;
			};
			name = Release;
		};
		304A8E1F1C237B96008B1151 /* Debug */ = {
			isa = XCBuildConfiguration;
			buildSettings = {
				ASSETCATALOG_COMPILER_APPICON_NAME = AppIcon;
				COMBINE_HIDPI_IMAGES = YES;
				GCC_PRECOMPILE_PREFIX_HEADER = YES;
				GCC_PREFIX_HEADER = ../osx/Prefix.pch;
				INFOPLIST_FILE = ../osx/Info.plist;
				LD_RUNPATH_SEARCH_PATHS = "$(inherited) @executable_path/../Frameworks";
				PRODUCT_BUNDLE_IDENTIFIER = com.boolgames.ouzel;
				PRODUCT_NAME = ouzel_spine_osx;
			};
			name = Debug;
		};
		304A8E201C237B96008B1151 /* Release */ = {
			isa = XCBuildConfiguration;
			buildSettings = {
				ASSETCATALOG_COMPILER_APPICON_NAME = AppIcon;
				COMBINE_HIDPI_IMAGES = YES;
				GCC_PRECOMPILE_PREFIX_HEADER = YES;
				GCC_PREFIX_HEADER = ../osx/Prefix.pch;
				INFOPLIST_FILE = ../osx/Info.plist;
				LD_RUNPATH_SEARCH_PATHS = "$(inherited) @executable_path/../Frameworks";
				PRODUCT_BUNDLE_IDENTIFIER = com.boolgames.ouzel;
				PRODUCT_NAME = ouzel_spine_osx;
			};
			name = Release;
		};
/* End XCBuildConfiguration section */

/* Begin XCConfigurationList section */
		303B761D1C34CFE300FEDE92 /* Build configuration list for PBXNativeTarget "ouzel_spine_ios" */ = {
			isa = XCConfigurationList;
			buildConfigurations = (
				303B761E1C34CFE300FEDE92 /* Debug */,
				303B761F1C34CFE300FEDE92 /* Release */,
			);
			defaultConfigurationIsVisible = 0;
			defaultConfigurationName = Release;
		};
		303B769D1C355AA400FEDE92 /* Build configuration list for PBXNativeTarget "ouzel_spine_tvos" */ = {
			isa = XCConfigurationList;
			buildConfigurations = (
				303B769E1C355AA400FEDE92 /* Debug */,
				303B769F1C355AA400FEDE92 /* Release */,
			);
			defaultConfigurationIsVisible = 0;
			defaultConfigurationName = Release;
		};
		304A8E051C237B95008B1151 /* Build configuration list for PBXProject "ouzel_spine" */ = {
			isa = XCConfigurationList;
			buildConfigurations = (
				304A8E1C1C237B96008B1151 /* Debug */,
				304A8E1D1C237B96008B1151 /* Release */,
			);
			defaultConfigurationIsVisible = 0;
			defaultConfigurationName = Release;
		};
		304A8E1E1C237B96008B1151 /* Build configuration list for PBXNativeTarget "ouzel_spine_osx" */ = {
			isa = XCConfigurationList;
			buildConfigurations = (
				304A8E1F1C237B96008B1151 /* Debug */,
				304A8E201C237B96008B1151 /* Release */,
			);
			defaultConfigurationIsVisible = 0;
			defaultConfigurationName = Release;
		};
/* End XCConfigurationList section */
	};
	rootObject = 304A8E021C237B95008B1151 /* Project object */;
}
